// !$*UTF8*$!
{
	archiveVersion = 1;
	classes = {
	};
	objectVersion = 46;
	objects = {

/* Begin PBXBuildFile section */
		711358B81A122CDB00200D15 /* SubCategoryCollectionViewController.m in Sources */ = {isa = PBXBuildFile; fileRef = 711358B71A122CDB00200D15 /* SubCategoryCollectionViewController.m */; };
		711358BB1A12355500200D15 /* PlaceViewController.m in Sources */ = {isa = PBXBuildFile; fileRef = 711358BA1A12355500200D15 /* PlaceViewController.m */; };
		7114D6C91A17A17C005C59C4 /* LaunchViewController.m in Sources */ = {isa = PBXBuildFile; fileRef = 7114D6C81A17A17C005C59C4 /* LaunchViewController.m */; };
		7125BD261A280D4400704B21 /* VALabel.m in Sources */ = {isa = PBXBuildFile; fileRef = 7125BD251A280D4400704B21 /* VALabel.m */; };
		7125BD2A1A28163B00704B21 /* PlaceDetailedMainCell.m in Sources */ = {isa = PBXBuildFile; fileRef = 7125BD291A28163B00704B21 /* PlaceDetailedMainCell.m */; };
		7125BD2D1A28D99000704B21 /* PlaceDetailedMainCellNoImage.m in Sources */ = {isa = PBXBuildFile; fileRef = 7125BD2C1A28D99000704B21 /* PlaceDetailedMainCellNoImage.m */; };
		7125BD301A28E6C100704B21 /* RatingCell.m in Sources */ = {isa = PBXBuildFile; fileRef = 7125BD2F1A28E6C100704B21 /* RatingCell.m */; };
		7125BD381A28F12600704B21 /* PPCollectionViewCell.m in Sources */ = {isa = PBXBuildFile; fileRef = 7125BD331A28F12600704B21 /* PPCollectionViewCell.m */; };
		7125BD391A28F12600704B21 /* PPImageScrollingCellView.m in Sources */ = {isa = PBXBuildFile; fileRef = 7125BD351A28F12600704B21 /* PPImageScrollingCellView.m */; };
		7125BD3A1A28F12600704B21 /* PPImageScrollingTableViewCell.m in Sources */ = {isa = PBXBuildFile; fileRef = 7125BD371A28F12600704B21 /* PPImageScrollingTableViewCell.m */; };
		7125BD3D1A29D8F000704B21 /* AboutCell.m in Sources */ = {isa = PBXBuildFile; fileRef = 7125BD3C1A29D8F000704B21 /* AboutCell.m */; };
		713B0D9B1A26B91F0047934D /* RateView.m in Sources */ = {isa = PBXBuildFile; fileRef = 713B0D9A1A26B91F0047934D /* RateView.m */; };
		714DE9CB1A0FB28F00E4FB3D /* main.m in Sources */ = {isa = PBXBuildFile; fileRef = 714DE9CA1A0FB28F00E4FB3D /* main.m */; };
		714DE9CE1A0FB28F00E4FB3D /* AppDelegate.m in Sources */ = {isa = PBXBuildFile; fileRef = 714DE9CD1A0FB28F00E4FB3D /* AppDelegate.m */; };
		714DE9D11A0FB28F00E4FB3D /* CityGiude.xcdatamodeld in Sources */ = {isa = PBXBuildFile; fileRef = 714DE9CF1A0FB28F00E4FB3D /* CityGiude.xcdatamodeld */; };
		714DE9D71A0FB28F00E4FB3D /* Main.storyboard in Resources */ = {isa = PBXBuildFile; fileRef = 714DE9D51A0FB28F00E4FB3D /* Main.storyboard */; };
		714DE9D91A0FB28F00E4FB3D /* Images.xcassets in Resources */ = {isa = PBXBuildFile; fileRef = 714DE9D81A0FB28F00E4FB3D /* Images.xcassets */; };
		714DE9DC1A0FB28F00E4FB3D /* LaunchScreen.xib in Resources */ = {isa = PBXBuildFile; fileRef = 714DE9DA1A0FB28F00E4FB3D /* LaunchScreen.xib */; };
		714DE9E81A0FB28F00E4FB3D /* CityGiudeTests.m in Sources */ = {isa = PBXBuildFile; fileRef = 714DE9E71A0FB28F00E4FB3D /* CityGiudeTests.m */; };
		714DE9F41A0FB3A100E4FB3D /* BannerViewController.m in Sources */ = {isa = PBXBuildFile; fileRef = 714DE9F31A0FB3A100E4FB3D /* BannerViewController.m */; };
		714DE9F71A0FB3B500E4FB3D /* BannerContentViewController.m in Sources */ = {isa = PBXBuildFile; fileRef = 714DE9F61A0FB3B500E4FB3D /* BannerContentViewController.m */; };
		714DE9FD1A1051FF00E4FB3D /* CategoryListFlowLayout.m in Sources */ = {isa = PBXBuildFile; fileRef = 714DE9FA1A1051FF00E4FB3D /* CategoryListFlowLayout.m */; };
		714DE9FE1A1051FF00E4FB3D /* CategoryTileFlowLayout.m in Sources */ = {isa = PBXBuildFile; fileRef = 714DE9FC1A1051FF00E4FB3D /* CategoryTileFlowLayout.m */; };
		714DEA011A1052B000E4FB3D /* CategoryCell.m in Sources */ = {isa = PBXBuildFile; fileRef = 714DEA001A1052B000E4FB3D /* CategoryCell.m */; };
		714DEA0C1A10D5B800E4FB3D /* MainViewController.m in Sources */ = {isa = PBXBuildFile; fileRef = 714DEA0B1A10D5B800E4FB3D /* MainViewController.m */; };
		7152DE211A2CCDEC00E29E1B /* FavourPlaceListCell.m in Sources */ = {isa = PBXBuildFile; fileRef = 7152DE201A2CCDEC00E29E1B /* FavourPlaceListCell.m */; };
		716D47531A12FA53006A7BDB /* PlaceListCell.m in Sources */ = {isa = PBXBuildFile; fileRef = 716D47521A12FA53006A7BDB /* PlaceListCell.m */; };
		71776A841A2A19DD00DCCFBB /* ShareCell.m in Sources */ = {isa = PBXBuildFile; fileRef = 71776A831A2A19DD00DCCFBB /* ShareCell.m */; };
		71776A871A2ACF5700DCCFBB /* InfoCell.m in Sources */ = {isa = PBXBuildFile; fileRef = 71776A861A2ACF5700DCCFBB /* InfoCell.m */; };
		71776A8A1A2AE6D000DCCFBB /* CommonCell.m in Sources */ = {isa = PBXBuildFile; fileRef = 71776A891A2AE6D000DCCFBB /* CommonCell.m */; };
		717776961A2B189400259A0A /* Social.framework in Frameworks */ = {isa = PBXBuildFile; fileRef = 717776951A2B189400259A0A /* Social.framework */; };
		717776981A2B22CC00259A0A /* Security.framework in Frameworks */ = {isa = PBXBuildFile; fileRef = 717776971A2B22CC00259A0A /* Security.framework */; };
		7177769A1A2B22D600259A0A /* MessageUI.framework in Frameworks */ = {isa = PBXBuildFile; fileRef = 717776991A2B22D600259A0A /* MessageUI.framework */; };
		717B6A851A24A69300BC4215 /* ResponceCollectionViewController.m in Sources */ = {isa = PBXBuildFile; fileRef = 717B6A841A24A69300BC4215 /* ResponceCollectionViewController.m */; };
		717B6A881A24B12000BC4215 /* ResponseViewController.m in Sources */ = {isa = PBXBuildFile; fileRef = 717B6A871A24B12000BC4215 /* ResponseViewController.m */; };
		717B6A8B1A24B9CB00BC4215 /* AuthUserViewController.m in Sources */ = {isa = PBXBuildFile; fileRef = 717B6A8A1A24B9CB00BC4215 /* AuthUserViewController.m */; };
		718E02811A10E3C900983653 /* CategoryListCell.m in Sources */ = {isa = PBXBuildFile; fileRef = 718E02801A10E3C900983653 /* CategoryListCell.m */; };
		718E028E1A10E89B00983653 /* MMDrawerBarButtonItem.m in Sources */ = {isa = PBXBuildFile; fileRef = 718E02841A10E89B00983653 /* MMDrawerBarButtonItem.m */; };
		718E028F1A10E89B00983653 /* MMDrawerController.m in Sources */ = {isa = PBXBuildFile; fileRef = 718E02861A10E89B00983653 /* MMDrawerController.m */; };
		718E02901A10E89B00983653 /* MMDrawerController+Storyboard.m in Sources */ = {isa = PBXBuildFile; fileRef = 718E02881A10E89B00983653 /* MMDrawerController+Storyboard.m */; };
		718E02911A10E89B00983653 /* MMDrawerVisualState.m in Sources */ = {isa = PBXBuildFile; fileRef = 718E028B1A10E89B00983653 /* MMDrawerVisualState.m */; };
		718E02921A10E89B00983653 /* UIViewController+MMDrawerController.m in Sources */ = {isa = PBXBuildFile; fileRef = 718E028D1A10E89B00983653 /* UIViewController+MMDrawerController.m */; };
		718E02951A10F18700983653 /* UIUserSettings.m in Sources */ = {isa = PBXBuildFile; fileRef = 718E02941A10F18700983653 /* UIUserSettings.m */; };
		719567B31A1F413E000500D6 /* FilterViewController.m in Sources */ = {isa = PBXBuildFile; fileRef = 719567B21A1F413E000500D6 /* FilterViewController.m */; };
		719567BA1A1F5EF1000500D6 /* FilterCommonCell.m in Sources */ = {isa = PBXBuildFile; fileRef = 719567B91A1F5EF1000500D6 /* FilterCommonCell.m */; };
		719567BD1A1F6817000500D6 /* FilterListCell.m in Sources */ = {isa = PBXBuildFile; fileRef = 719567BC1A1F6817000500D6 /* FilterListCell.m */; };
		719567C01A20D3F3000500D6 /* DiscountListViewController.m in Sources */ = {isa = PBXBuildFile; fileRef = 719567BF1A20D3F3000500D6 /* DiscountListViewController.m */; };
		719567C41A20D42E000500D6 /* DiscountListCell.m in Sources */ = {isa = PBXBuildFile; fileRef = 719567C31A20D42E000500D6 /* DiscountListCell.m */; };
		719567C71A20E875000500D6 /* DiscountDetailViewController.m in Sources */ = {isa = PBXBuildFile; fileRef = 719567C61A20E875000500D6 /* DiscountDetailViewController.m */; };
		719567CA1A20EF83000500D6 /* AboutUserViewController.m in Sources */ = {isa = PBXBuildFile; fileRef = 719567C91A20EF83000500D6 /* AboutUserViewController.m */; };
		719567CD1A20FAB3000500D6 /* AboutProgrammViewController.m in Sources */ = {isa = PBXBuildFile; fileRef = 719567CC1A20FAB3000500D6 /* AboutProgrammViewController.m */; };
		719567D01A21E51A000500D6 /* FavourViewController.m in Sources */ = {isa = PBXBuildFile; fileRef = 719567CF1A21E51A000500D6 /* FavourViewController.m */; };
		719567D71A21FD47000500D6 /* FavourCategoryCell.m in Sources */ = {isa = PBXBuildFile; fileRef = 719567D61A21FD47000500D6 /* FavourCategoryCell.m */; };
		719567DA1A222D1F000500D6 /* SettingsTableViewController.m in Sources */ = {isa = PBXBuildFile; fileRef = 719567D91A222D1F000500D6 /* SettingsTableViewController.m */; };
		719567DE1A222D64000500D6 /* SettingsCell.m in Sources */ = {isa = PBXBuildFile; fileRef = 719567DD1A222D64000500D6 /* SettingsCell.m */; };
		719567E11A22340C000500D6 /* NearMapViewController.m in Sources */ = {isa = PBXBuildFile; fileRef = 719567E01A22340C000500D6 /* NearMapViewController.m */; };
		719567E41A2238CB000500D6 /* MapFilterViewController.m in Sources */ = {isa = PBXBuildFile; fileRef = 719567E31A2238CB000500D6 /* MapFilterViewController.m */; };
		719B06C31A176884001B402F /* DBWork.m in Sources */ = {isa = PBXBuildFile; fileRef = 719B06C21A176884001B402F /* DBWork.m */; };
		719B06CB1A179A20001B402F /* AFDownloadRequestOperation.m in Sources */ = {isa = PBXBuildFile; fileRef = 719B06C61A179A20001B402F /* AFDownloadRequestOperation.m */; };
		719B06CC1A179A20001B402F /* Reachability.m in Sources */ = {isa = PBXBuildFile; fileRef = 719B06C81A179A20001B402F /* Reachability.m */; };
		719B06CD1A179A20001B402F /* SyncEngine.m in Sources */ = {isa = PBXBuildFile; fileRef = 719B06CA1A179A20001B402F /* SyncEngine.m */; };
		71A5436A1A17A8D7008E54A7 /* SSZipArchive.m in Sources */ = {isa = PBXBuildFile; fileRef = 71A543691A17A8D7008E54A7 /* SSZipArchive.m */; };
		71A543741A17A8E7008E54A7 /* ioapi.c in Sources */ = {isa = PBXBuildFile; fileRef = 71A5436C1A17A8E7008E54A7 /* ioapi.c */; };
		71A543751A17A8E7008E54A7 /* mztools.c in Sources */ = {isa = PBXBuildFile; fileRef = 71A5436E1A17A8E7008E54A7 /* mztools.c */; };
		71A543761A17A8E7008E54A7 /* unzip.c in Sources */ = {isa = PBXBuildFile; fileRef = 71A543701A17A8E7008E54A7 /* unzip.c */; };
		71A543771A17A8E7008E54A7 /* zip.c in Sources */ = {isa = PBXBuildFile; fileRef = 71A543721A17A8E7008E54A7 /* zip.c */; };
		71A543791A17A911008E54A7 /* libz.dylib in Frameworks */ = {isa = PBXBuildFile; fileRef = 71A543781A17A911008E54A7 /* libz.dylib */; };
		71B2666E1A2302B5005DEAD0 /* BannerHeaderCollectionView.m in Sources */ = {isa = PBXBuildFile; fileRef = 71B2666D1A2302B5005DEAD0 /* BannerHeaderCollectionView.m */; };
		71B266741A2359F3005DEAD0 /* SubCategoryListFlowLayout.m in Sources */ = {isa = PBXBuildFile; fileRef = 71B266711A2359F3005DEAD0 /* SubCategoryListFlowLayout.m */; };
		71B266751A2359F3005DEAD0 /* SubCategoryTileFlowLayout.m in Sources */ = {isa = PBXBuildFile; fileRef = 71B266731A2359F3005DEAD0 /* SubCategoryTileFlowLayout.m */; };
		71BA0F111A133B6500C3B6A0 /* PlaceDetailViewController.m in Sources */ = {isa = PBXBuildFile; fileRef = 71BA0F101A133B6500C3B6A0 /* PlaceDetailViewController.m */; };
		71BA0F161A138A6F00C3B6A0 /* PhotoBrowserContentViewController.m in Sources */ = {isa = PBXBuildFile; fileRef = 71BA0F131A138A6E00C3B6A0 /* PhotoBrowserContentViewController.m */; };
		71BA0F171A138A6F00C3B6A0 /* PhotoBrowserViewController.m in Sources */ = {isa = PBXBuildFile; fileRef = 71BA0F151A138A6E00C3B6A0 /* PhotoBrowserViewController.m */; };
		71BA0F1B1A1392C700C3B6A0 /* PlaceMapViewController.m in Sources */ = {isa = PBXBuildFile; fileRef = 71BA0F1A1A1392C700C3B6A0 /* PlaceMapViewController.m */; };
		71BA0F1E1A143E7F00C3B6A0 /* MenuTableViewController.m in Sources */ = {isa = PBXBuildFile; fileRef = 71BA0F1D1A143E7F00C3B6A0 /* MenuTableViewController.m */; };
		71E155221A1AD52900CD7A26 /* Phones.m in Sources */ = {isa = PBXBuildFile; fileRef = 71E155211A1AD52900CD7A26 /* Phones.m */; };
		71E155251A1AD52900CD7A26 /* Attributes.m in Sources */ = {isa = PBXBuildFile; fileRef = 71E155241A1AD52900CD7A26 /* Attributes.m */; };
		71E155281A1AD52900CD7A26 /* Places.m in Sources */ = {isa = PBXBuildFile; fileRef = 71E155271A1AD52900CD7A26 /* Places.m */; };
		71E1552B1A1AD52A00CD7A26 /* Gallery.m in Sources */ = {isa = PBXBuildFile; fileRef = 71E1552A1A1AD52A00CD7A26 /* Gallery.m */; };
		71E1552E1A1AD52A00CD7A26 /* Keys.m in Sources */ = {isa = PBXBuildFile; fileRef = 71E1552D1A1AD52A00CD7A26 /* Keys.m */; };
		71E155311A1AD52A00CD7A26 /* Banners.m in Sources */ = {isa = PBXBuildFile; fileRef = 71E155301A1AD52A00CD7A26 /* Banners.m */; };
		71E155341A1AD52A00CD7A26 /* Categories.m in Sources */ = {isa = PBXBuildFile; fileRef = 71E155331A1AD52A00CD7A26 /* Categories.m */; };
		71E155371A1AD52A00CD7A26 /* Comments.m in Sources */ = {isa = PBXBuildFile; fileRef = 71E155361A1AD52A00CD7A26 /* Comments.m */; };
		935FDB8B1A1B845D0079EDC3 /* Crashlytics.framework in Frameworks */ = {isa = PBXBuildFile; fileRef = 935FDB891A1B845D0079EDC3 /* Crashlytics.framework */; };
		935FDB8C1A1B845D0079EDC3 /* Fabric.framework in Frameworks */ = {isa = PBXBuildFile; fileRef = 935FDB8A1A1B845D0079EDC3 /* Fabric.framework */; };
		93809D1A1A2DC0A300820E24 /* mapbox.json in Resources */ = {isa = PBXBuildFile; fileRef = 93809D191A2DC0A300820E24 /* mapbox.json */; };
		93E2B7931A1B160700AAB446 /* libsqlite3.dylib in Frameworks */ = {isa = PBXBuildFile; fileRef = 93E2B7921A1B160700AAB446 /* libsqlite3.dylib */; };
		93E2B7951A1B160D00AAB446 /* QuartzCore.framework in Frameworks */ = {isa = PBXBuildFile; fileRef = 93E2B7941A1B160D00AAB446 /* QuartzCore.framework */; };
		93E2B7971A1B161100AAB446 /* CoreLocation.framework in Frameworks */ = {isa = PBXBuildFile; fileRef = 93E2B7961A1B161100AAB446 /* CoreLocation.framework */; };
		93F954291A1DF8D90080B7E1 /* calloutViewController.m in Sources */ = {isa = PBXBuildFile; fileRef = 93F954281A1DF8D90080B7E1 /* calloutViewController.m */; };
		B54952004935E31484239643 /* libPods.a in Frameworks */ = {isa = PBXBuildFile; fileRef = 852D0FFD12D5CC13B5191CFB /* libPods.a */; };
/* End PBXBuildFile section */

/* Begin PBXContainerItemProxy section */
		714DE9E21A0FB28F00E4FB3D /* PBXContainerItemProxy */ = {
			isa = PBXContainerItemProxy;
			containerPortal = 714DE9BD1A0FB28E00E4FB3D /* Project object */;
			proxyType = 1;
			remoteGlobalIDString = 714DE9C41A0FB28E00E4FB3D;
			remoteInfo = CityGiude;
		};
/* End PBXContainerItemProxy section */

/* Begin PBXFileReference section */
		6350ACA089CEAC2F22EE99E9 /* Pods.debug.xcconfig */ = {isa = PBXFileReference; includeInIndex = 1; lastKnownFileType = text.xcconfig; name = Pods.debug.xcconfig; path = "Pods/Target Support Files/Pods/Pods.debug.xcconfig"; sourceTree = "<group>"; };
		711358B61A122CDB00200D15 /* SubCategoryCollectionViewController.h */ = {isa = PBXFileReference; fileEncoding = 4; lastKnownFileType = sourcecode.c.h; path = SubCategoryCollectionViewController.h; sourceTree = "<group>"; };
		711358B71A122CDB00200D15 /* SubCategoryCollectionViewController.m */ = {isa = PBXFileReference; fileEncoding = 4; lastKnownFileType = sourcecode.c.objc; path = SubCategoryCollectionViewController.m; sourceTree = "<group>"; };
		711358B91A12355500200D15 /* PlaceViewController.h */ = {isa = PBXFileReference; fileEncoding = 4; lastKnownFileType = sourcecode.c.h; path = PlaceViewController.h; sourceTree = "<group>"; };
		711358BA1A12355500200D15 /* PlaceViewController.m */ = {isa = PBXFileReference; fileEncoding = 4; lastKnownFileType = sourcecode.c.objc; path = PlaceViewController.m; sourceTree = "<group>"; };
		7114D6C71A17A17C005C59C4 /* LaunchViewController.h */ = {isa = PBXFileReference; fileEncoding = 4; lastKnownFileType = sourcecode.c.h; path = LaunchViewController.h; sourceTree = "<group>"; };
		7114D6C81A17A17C005C59C4 /* LaunchViewController.m */ = {isa = PBXFileReference; fileEncoding = 4; lastKnownFileType = sourcecode.c.objc; path = LaunchViewController.m; sourceTree = "<group>"; };
		7125BD221A275A4E00704B21 /* libPods-AFNetworking.a */ = {isa = PBXFileReference; lastKnownFileType = archive.ar; name = "libPods-AFNetworking.a"; path = "Pods/build/Debug-iphoneos/libPods-AFNetworking.a"; sourceTree = "<group>"; };
		7125BD241A280D4300704B21 /* VALabel.h */ = {isa = PBXFileReference; fileEncoding = 4; lastKnownFileType = sourcecode.c.h; path = VALabel.h; sourceTree = "<group>"; };
		7125BD251A280D4400704B21 /* VALabel.m */ = {isa = PBXFileReference; fileEncoding = 4; lastKnownFileType = sourcecode.c.objc; path = VALabel.m; sourceTree = "<group>"; };
		7125BD281A28163B00704B21 /* PlaceDetailedMainCell.h */ = {isa = PBXFileReference; fileEncoding = 4; lastKnownFileType = sourcecode.c.h; path = PlaceDetailedMainCell.h; sourceTree = "<group>"; };
		7125BD291A28163B00704B21 /* PlaceDetailedMainCell.m */ = {isa = PBXFileReference; fileEncoding = 4; lastKnownFileType = sourcecode.c.objc; path = PlaceDetailedMainCell.m; sourceTree = "<group>"; };
		7125BD2B1A28D99000704B21 /* PlaceDetailedMainCellNoImage.h */ = {isa = PBXFileReference; fileEncoding = 4; lastKnownFileType = sourcecode.c.h; path = PlaceDetailedMainCellNoImage.h; sourceTree = "<group>"; };
		7125BD2C1A28D99000704B21 /* PlaceDetailedMainCellNoImage.m */ = {isa = PBXFileReference; fileEncoding = 4; lastKnownFileType = sourcecode.c.objc; path = PlaceDetailedMainCellNoImage.m; sourceTree = "<group>"; };
		7125BD2E1A28E6C100704B21 /* RatingCell.h */ = {isa = PBXFileReference; fileEncoding = 4; lastKnownFileType = sourcecode.c.h; path = RatingCell.h; sourceTree = "<group>"; };
		7125BD2F1A28E6C100704B21 /* RatingCell.m */ = {isa = PBXFileReference; fileEncoding = 4; lastKnownFileType = sourcecode.c.objc; path = RatingCell.m; sourceTree = "<group>"; };
		7125BD321A28F12600704B21 /* PPCollectionViewCell.h */ = {isa = PBXFileReference; fileEncoding = 4; lastKnownFileType = sourcecode.c.h; path = PPCollectionViewCell.h; sourceTree = "<group>"; };
		7125BD331A28F12600704B21 /* PPCollectionViewCell.m */ = {isa = PBXFileReference; fileEncoding = 4; lastKnownFileType = sourcecode.c.objc; path = PPCollectionViewCell.m; sourceTree = "<group>"; };
		7125BD341A28F12600704B21 /* PPImageScrollingCellView.h */ = {isa = PBXFileReference; fileEncoding = 4; lastKnownFileType = sourcecode.c.h; path = PPImageScrollingCellView.h; sourceTree = "<group>"; };
		7125BD351A28F12600704B21 /* PPImageScrollingCellView.m */ = {isa = PBXFileReference; fileEncoding = 4; lastKnownFileType = sourcecode.c.objc; path = PPImageScrollingCellView.m; sourceTree = "<group>"; };
		7125BD361A28F12600704B21 /* PPImageScrollingTableViewCell.h */ = {isa = PBXFileReference; fileEncoding = 4; lastKnownFileType = sourcecode.c.h; path = PPImageScrollingTableViewCell.h; sourceTree = "<group>"; };
		7125BD371A28F12600704B21 /* PPImageScrollingTableViewCell.m */ = {isa = PBXFileReference; fileEncoding = 4; lastKnownFileType = sourcecode.c.objc; path = PPImageScrollingTableViewCell.m; sourceTree = "<group>"; };
		7125BD3B1A29D8F000704B21 /* AboutCell.h */ = {isa = PBXFileReference; fileEncoding = 4; lastKnownFileType = sourcecode.c.h; path = AboutCell.h; sourceTree = "<group>"; };
		7125BD3C1A29D8F000704B21 /* AboutCell.m */ = {isa = PBXFileReference; fileEncoding = 4; lastKnownFileType = sourcecode.c.objc; path = AboutCell.m; sourceTree = "<group>"; };
		713B0D991A26B91F0047934D /* RateView.h */ = {isa = PBXFileReference; fileEncoding = 4; lastKnownFileType = sourcecode.c.h; path = RateView.h; sourceTree = "<group>"; };
		713B0D9A1A26B91F0047934D /* RateView.m */ = {isa = PBXFileReference; fileEncoding = 4; lastKnownFileType = sourcecode.c.objc; path = RateView.m; sourceTree = "<group>"; };
		714DE9C51A0FB28F00E4FB3D /* CityGuide.app */ = {isa = PBXFileReference; explicitFileType = wrapper.application; includeInIndex = 0; path = CityGuide.app; sourceTree = BUILT_PRODUCTS_DIR; };
		714DE9C91A0FB28F00E4FB3D /* Info.plist */ = {isa = PBXFileReference; lastKnownFileType = text.plist.xml; path = Info.plist; sourceTree = "<group>"; };
		714DE9CA1A0FB28F00E4FB3D /* main.m */ = {isa = PBXFileReference; lastKnownFileType = sourcecode.c.objc; path = main.m; sourceTree = "<group>"; };
		714DE9CC1A0FB28F00E4FB3D /* AppDelegate.h */ = {isa = PBXFileReference; lastKnownFileType = sourcecode.c.h; path = AppDelegate.h; sourceTree = "<group>"; };
		714DE9CD1A0FB28F00E4FB3D /* AppDelegate.m */ = {isa = PBXFileReference; lastKnownFileType = sourcecode.c.objc; path = AppDelegate.m; sourceTree = "<group>"; };
		714DE9D01A0FB28F00E4FB3D /* CityGiude.xcdatamodel */ = {isa = PBXFileReference; lastKnownFileType = wrapper.xcdatamodel; path = CityGiude.xcdatamodel; sourceTree = "<group>"; };
		714DE9D61A0FB28F00E4FB3D /* Base */ = {isa = PBXFileReference; lastKnownFileType = file.storyboard; name = Base; path = Base.lproj/Main.storyboard; sourceTree = "<group>"; };
		714DE9D81A0FB28F00E4FB3D /* Images.xcassets */ = {isa = PBXFileReference; lastKnownFileType = folder.assetcatalog; path = Images.xcassets; sourceTree = "<group>"; };
		714DE9DB1A0FB28F00E4FB3D /* Base */ = {isa = PBXFileReference; lastKnownFileType = file.xib; name = Base; path = Base.lproj/LaunchScreen.xib; sourceTree = "<group>"; };
		714DE9E11A0FB28F00E4FB3D /* CityGuideTests.xctest */ = {isa = PBXFileReference; explicitFileType = wrapper.cfbundle; includeInIndex = 0; path = CityGuideTests.xctest; sourceTree = BUILT_PRODUCTS_DIR; };
		714DE9E61A0FB28F00E4FB3D /* Info.plist */ = {isa = PBXFileReference; lastKnownFileType = text.plist.xml; path = Info.plist; sourceTree = "<group>"; };
		714DE9E71A0FB28F00E4FB3D /* CityGiudeTests.m */ = {isa = PBXFileReference; lastKnownFileType = sourcecode.c.objc; path = CityGiudeTests.m; sourceTree = "<group>"; };
		714DE9F21A0FB3A100E4FB3D /* BannerViewController.h */ = {isa = PBXFileReference; fileEncoding = 4; lastKnownFileType = sourcecode.c.h; path = BannerViewController.h; sourceTree = "<group>"; };
		714DE9F31A0FB3A100E4FB3D /* BannerViewController.m */ = {isa = PBXFileReference; fileEncoding = 4; lastKnownFileType = sourcecode.c.objc; path = BannerViewController.m; sourceTree = "<group>"; };
		714DE9F51A0FB3B500E4FB3D /* BannerContentViewController.h */ = {isa = PBXFileReference; fileEncoding = 4; lastKnownFileType = sourcecode.c.h; path = BannerContentViewController.h; sourceTree = "<group>"; };
		714DE9F61A0FB3B500E4FB3D /* BannerContentViewController.m */ = {isa = PBXFileReference; fileEncoding = 4; lastKnownFileType = sourcecode.c.objc; path = BannerContentViewController.m; sourceTree = "<group>"; };
		714DE9F91A1051FF00E4FB3D /* CategoryListFlowLayout.h */ = {isa = PBXFileReference; fileEncoding = 4; lastKnownFileType = sourcecode.c.h; path = CategoryListFlowLayout.h; sourceTree = "<group>"; };
		714DE9FA1A1051FF00E4FB3D /* CategoryListFlowLayout.m */ = {isa = PBXFileReference; fileEncoding = 4; lastKnownFileType = sourcecode.c.objc; path = CategoryListFlowLayout.m; sourceTree = "<group>"; };
		714DE9FB1A1051FF00E4FB3D /* CategoryTileFlowLayout.h */ = {isa = PBXFileReference; fileEncoding = 4; lastKnownFileType = sourcecode.c.h; path = CategoryTileFlowLayout.h; sourceTree = "<group>"; };
		714DE9FC1A1051FF00E4FB3D /* CategoryTileFlowLayout.m */ = {isa = PBXFileReference; fileEncoding = 4; lastKnownFileType = sourcecode.c.objc; path = CategoryTileFlowLayout.m; sourceTree = "<group>"; };
		714DE9FF1A1052B000E4FB3D /* CategoryCell.h */ = {isa = PBXFileReference; fileEncoding = 4; lastKnownFileType = sourcecode.c.h; path = CategoryCell.h; sourceTree = "<group>"; };
		714DEA001A1052B000E4FB3D /* CategoryCell.m */ = {isa = PBXFileReference; fileEncoding = 4; lastKnownFileType = sourcecode.c.objc; path = CategoryCell.m; sourceTree = "<group>"; };
		714DEA091A1057E800E4FB3D /* Constants.h */ = {isa = PBXFileReference; lastKnownFileType = sourcecode.c.h; path = Constants.h; sourceTree = "<group>"; };
		714DEA0A1A10D5B800E4FB3D /* MainViewController.h */ = {isa = PBXFileReference; fileEncoding = 4; lastKnownFileType = sourcecode.c.h; path = MainViewController.h; sourceTree = "<group>"; };
		714DEA0B1A10D5B800E4FB3D /* MainViewController.m */ = {isa = PBXFileReference; fileEncoding = 4; lastKnownFileType = sourcecode.c.objc; path = MainViewController.m; sourceTree = "<group>"; };
		7152DE1F1A2CCDEC00E29E1B /* FavourPlaceListCell.h */ = {isa = PBXFileReference; fileEncoding = 4; lastKnownFileType = sourcecode.c.h; path = FavourPlaceListCell.h; sourceTree = "<group>"; };
		7152DE201A2CCDEC00E29E1B /* FavourPlaceListCell.m */ = {isa = PBXFileReference; fileEncoding = 4; lastKnownFileType = sourcecode.c.objc; path = FavourPlaceListCell.m; sourceTree = "<group>"; };
		716D47511A12FA53006A7BDB /* PlaceListCell.h */ = {isa = PBXFileReference; fileEncoding = 4; lastKnownFileType = sourcecode.c.h; path = PlaceListCell.h; sourceTree = "<group>"; };
		716D47521A12FA53006A7BDB /* PlaceListCell.m */ = {isa = PBXFileReference; fileEncoding = 4; lastKnownFileType = sourcecode.c.objc; path = PlaceListCell.m; sourceTree = "<group>"; };
		71776A821A2A19DD00DCCFBB /* ShareCell.h */ = {isa = PBXFileReference; fileEncoding = 4; lastKnownFileType = sourcecode.c.h; path = ShareCell.h; sourceTree = "<group>"; };
		71776A831A2A19DD00DCCFBB /* ShareCell.m */ = {isa = PBXFileReference; fileEncoding = 4; lastKnownFileType = sourcecode.c.objc; path = ShareCell.m; sourceTree = "<group>"; };
		71776A851A2ACF5700DCCFBB /* InfoCell.h */ = {isa = PBXFileReference; fileEncoding = 4; lastKnownFileType = sourcecode.c.h; path = InfoCell.h; sourceTree = "<group>"; };
		71776A861A2ACF5700DCCFBB /* InfoCell.m */ = {isa = PBXFileReference; fileEncoding = 4; lastKnownFileType = sourcecode.c.objc; path = InfoCell.m; sourceTree = "<group>"; };
		71776A881A2AE6D000DCCFBB /* CommonCell.h */ = {isa = PBXFileReference; fileEncoding = 4; lastKnownFileType = sourcecode.c.h; path = CommonCell.h; sourceTree = "<group>"; };
		71776A891A2AE6D000DCCFBB /* CommonCell.m */ = {isa = PBXFileReference; fileEncoding = 4; lastKnownFileType = sourcecode.c.objc; path = CommonCell.m; sourceTree = "<group>"; };
		717776951A2B189400259A0A /* Social.framework */ = {isa = PBXFileReference; lastKnownFileType = wrapper.framework; name = Social.framework; path = System/Library/Frameworks/Social.framework; sourceTree = SDKROOT; };
		717776971A2B22CC00259A0A /* Security.framework */ = {isa = PBXFileReference; lastKnownFileType = wrapper.framework; name = Security.framework; path = System/Library/Frameworks/Security.framework; sourceTree = SDKROOT; };
		717776991A2B22D600259A0A /* MessageUI.framework */ = {isa = PBXFileReference; lastKnownFileType = wrapper.framework; name = MessageUI.framework; path = System/Library/Frameworks/MessageUI.framework; sourceTree = SDKROOT; };
		717B6A831A24A69300BC4215 /* ResponceCollectionViewController.h */ = {isa = PBXFileReference; fileEncoding = 4; lastKnownFileType = sourcecode.c.h; path = ResponceCollectionViewController.h; sourceTree = "<group>"; };
		717B6A841A24A69300BC4215 /* ResponceCollectionViewController.m */ = {isa = PBXFileReference; fileEncoding = 4; lastKnownFileType = sourcecode.c.objc; path = ResponceCollectionViewController.m; sourceTree = "<group>"; };
		717B6A861A24B12000BC4215 /* ResponseViewController.h */ = {isa = PBXFileReference; fileEncoding = 4; lastKnownFileType = sourcecode.c.h; path = ResponseViewController.h; sourceTree = "<group>"; };
		717B6A871A24B12000BC4215 /* ResponseViewController.m */ = {isa = PBXFileReference; fileEncoding = 4; lastKnownFileType = sourcecode.c.objc; path = ResponseViewController.m; sourceTree = "<group>"; };
		717B6A891A24B9CB00BC4215 /* AuthUserViewController.h */ = {isa = PBXFileReference; fileEncoding = 4; lastKnownFileType = sourcecode.c.h; path = AuthUserViewController.h; sourceTree = "<group>"; };
		717B6A8A1A24B9CB00BC4215 /* AuthUserViewController.m */ = {isa = PBXFileReference; fileEncoding = 4; lastKnownFileType = sourcecode.c.objc; path = AuthUserViewController.m; sourceTree = "<group>"; };
		718E027F1A10E3C800983653 /* CategoryListCell.h */ = {isa = PBXFileReference; fileEncoding = 4; lastKnownFileType = sourcecode.c.h; path = CategoryListCell.h; sourceTree = "<group>"; };
		718E02801A10E3C900983653 /* CategoryListCell.m */ = {isa = PBXFileReference; fileEncoding = 4; lastKnownFileType = sourcecode.c.objc; path = CategoryListCell.m; sourceTree = "<group>"; };
		718E02831A10E89B00983653 /* MMDrawerBarButtonItem.h */ = {isa = PBXFileReference; fileEncoding = 4; lastKnownFileType = sourcecode.c.h; path = MMDrawerBarButtonItem.h; sourceTree = "<group>"; };
		718E02841A10E89B00983653 /* MMDrawerBarButtonItem.m */ = {isa = PBXFileReference; fileEncoding = 4; lastKnownFileType = sourcecode.c.objc; path = MMDrawerBarButtonItem.m; sourceTree = "<group>"; };
		718E02851A10E89B00983653 /* MMDrawerController.h */ = {isa = PBXFileReference; fileEncoding = 4; lastKnownFileType = sourcecode.c.h; path = MMDrawerController.h; sourceTree = "<group>"; };
		718E02861A10E89B00983653 /* MMDrawerController.m */ = {isa = PBXFileReference; fileEncoding = 4; lastKnownFileType = sourcecode.c.objc; path = MMDrawerController.m; sourceTree = "<group>"; };
		718E02871A10E89B00983653 /* MMDrawerController+Storyboard.h */ = {isa = PBXFileReference; fileEncoding = 4; lastKnownFileType = sourcecode.c.h; path = "MMDrawerController+Storyboard.h"; sourceTree = "<group>"; };
		718E02881A10E89B00983653 /* MMDrawerController+Storyboard.m */ = {isa = PBXFileReference; fileEncoding = 4; lastKnownFileType = sourcecode.c.objc; path = "MMDrawerController+Storyboard.m"; sourceTree = "<group>"; };
		718E02891A10E89B00983653 /* MMDrawerController+Subclass.h */ = {isa = PBXFileReference; fileEncoding = 4; lastKnownFileType = sourcecode.c.h; path = "MMDrawerController+Subclass.h"; sourceTree = "<group>"; };
		718E028A1A10E89B00983653 /* MMDrawerVisualState.h */ = {isa = PBXFileReference; fileEncoding = 4; lastKnownFileType = sourcecode.c.h; path = MMDrawerVisualState.h; sourceTree = "<group>"; };
		718E028B1A10E89B00983653 /* MMDrawerVisualState.m */ = {isa = PBXFileReference; fileEncoding = 4; lastKnownFileType = sourcecode.c.objc; path = MMDrawerVisualState.m; sourceTree = "<group>"; };
		718E028C1A10E89B00983653 /* UIViewController+MMDrawerController.h */ = {isa = PBXFileReference; fileEncoding = 4; lastKnownFileType = sourcecode.c.h; path = "UIViewController+MMDrawerController.h"; sourceTree = "<group>"; };
		718E028D1A10E89B00983653 /* UIViewController+MMDrawerController.m */ = {isa = PBXFileReference; fileEncoding = 4; lastKnownFileType = sourcecode.c.objc; path = "UIViewController+MMDrawerController.m"; sourceTree = "<group>"; };
		718E02931A10F18700983653 /* UIUserSettings.h */ = {isa = PBXFileReference; fileEncoding = 4; lastKnownFileType = sourcecode.c.h; path = UIUserSettings.h; sourceTree = "<group>"; };
		718E02941A10F18700983653 /* UIUserSettings.m */ = {isa = PBXFileReference; fileEncoding = 4; lastKnownFileType = sourcecode.c.objc; path = UIUserSettings.m; sourceTree = "<group>"; };
		719567B11A1F413E000500D6 /* FilterViewController.h */ = {isa = PBXFileReference; fileEncoding = 4; lastKnownFileType = sourcecode.c.h; path = FilterViewController.h; sourceTree = "<group>"; };
		719567B21A1F413E000500D6 /* FilterViewController.m */ = {isa = PBXFileReference; fileEncoding = 4; lastKnownFileType = sourcecode.c.objc; path = FilterViewController.m; sourceTree = "<group>"; };
		719567B81A1F5EF1000500D6 /* FilterCommonCell.h */ = {isa = PBXFileReference; fileEncoding = 4; lastKnownFileType = sourcecode.c.h; path = FilterCommonCell.h; sourceTree = "<group>"; };
		719567B91A1F5EF1000500D6 /* FilterCommonCell.m */ = {isa = PBXFileReference; fileEncoding = 4; lastKnownFileType = sourcecode.c.objc; path = FilterCommonCell.m; sourceTree = "<group>"; };
		719567BB1A1F6817000500D6 /* FilterListCell.h */ = {isa = PBXFileReference; fileEncoding = 4; lastKnownFileType = sourcecode.c.h; path = FilterListCell.h; sourceTree = "<group>"; };
		719567BC1A1F6817000500D6 /* FilterListCell.m */ = {isa = PBXFileReference; fileEncoding = 4; lastKnownFileType = sourcecode.c.objc; path = FilterListCell.m; sourceTree = "<group>"; };
		719567BE1A20D3F3000500D6 /* DiscountListViewController.h */ = {isa = PBXFileReference; fileEncoding = 4; lastKnownFileType = sourcecode.c.h; path = DiscountListViewController.h; sourceTree = "<group>"; };
		719567BF1A20D3F3000500D6 /* DiscountListViewController.m */ = {isa = PBXFileReference; fileEncoding = 4; lastKnownFileType = sourcecode.c.objc; path = DiscountListViewController.m; sourceTree = "<group>"; };
		719567C21A20D42E000500D6 /* DiscountListCell.h */ = {isa = PBXFileReference; fileEncoding = 4; lastKnownFileType = sourcecode.c.h; path = DiscountListCell.h; sourceTree = "<group>"; };
		719567C31A20D42E000500D6 /* DiscountListCell.m */ = {isa = PBXFileReference; fileEncoding = 4; lastKnownFileType = sourcecode.c.objc; path = DiscountListCell.m; sourceTree = "<group>"; };
		719567C51A20E875000500D6 /* DiscountDetailViewController.h */ = {isa = PBXFileReference; fileEncoding = 4; lastKnownFileType = sourcecode.c.h; path = DiscountDetailViewController.h; sourceTree = "<group>"; };
		719567C61A20E875000500D6 /* DiscountDetailViewController.m */ = {isa = PBXFileReference; fileEncoding = 4; lastKnownFileType = sourcecode.c.objc; path = DiscountDetailViewController.m; sourceTree = "<group>"; };
		719567C81A20EF83000500D6 /* AboutUserViewController.h */ = {isa = PBXFileReference; fileEncoding = 4; lastKnownFileType = sourcecode.c.h; path = AboutUserViewController.h; sourceTree = "<group>"; };
		719567C91A20EF83000500D6 /* AboutUserViewController.m */ = {isa = PBXFileReference; fileEncoding = 4; lastKnownFileType = sourcecode.c.objc; path = AboutUserViewController.m; sourceTree = "<group>"; };
		719567CB1A20FAB3000500D6 /* AboutProgrammViewController.h */ = {isa = PBXFileReference; fileEncoding = 4; lastKnownFileType = sourcecode.c.h; path = AboutProgrammViewController.h; sourceTree = "<group>"; };
		719567CC1A20FAB3000500D6 /* AboutProgrammViewController.m */ = {isa = PBXFileReference; fileEncoding = 4; lastKnownFileType = sourcecode.c.objc; path = AboutProgrammViewController.m; sourceTree = "<group>"; };
		719567CE1A21E51A000500D6 /* FavourViewController.h */ = {isa = PBXFileReference; fileEncoding = 4; lastKnownFileType = sourcecode.c.h; path = FavourViewController.h; sourceTree = "<group>"; };
		719567CF1A21E51A000500D6 /* FavourViewController.m */ = {isa = PBXFileReference; fileEncoding = 4; lastKnownFileType = sourcecode.c.objc; path = FavourViewController.m; sourceTree = "<group>"; };
		719567D51A21FD47000500D6 /* FavourCategoryCell.h */ = {isa = PBXFileReference; fileEncoding = 4; lastKnownFileType = sourcecode.c.h; path = FavourCategoryCell.h; sourceTree = "<group>"; };
		719567D61A21FD47000500D6 /* FavourCategoryCell.m */ = {isa = PBXFileReference; fileEncoding = 4; lastKnownFileType = sourcecode.c.objc; path = FavourCategoryCell.m; sourceTree = "<group>"; };
		719567D81A222D1F000500D6 /* SettingsTableViewController.h */ = {isa = PBXFileReference; fileEncoding = 4; lastKnownFileType = sourcecode.c.h; path = SettingsTableViewController.h; sourceTree = "<group>"; };
		719567D91A222D1F000500D6 /* SettingsTableViewController.m */ = {isa = PBXFileReference; fileEncoding = 4; lastKnownFileType = sourcecode.c.objc; path = SettingsTableViewController.m; sourceTree = "<group>"; };
		719567DC1A222D64000500D6 /* SettingsCell.h */ = {isa = PBXFileReference; fileEncoding = 4; lastKnownFileType = sourcecode.c.h; path = SettingsCell.h; sourceTree = "<group>"; };
		719567DD1A222D64000500D6 /* SettingsCell.m */ = {isa = PBXFileReference; fileEncoding = 4; lastKnownFileType = sourcecode.c.objc; path = SettingsCell.m; sourceTree = "<group>"; };
		719567DF1A22340C000500D6 /* NearMapViewController.h */ = {isa = PBXFileReference; fileEncoding = 4; lastKnownFileType = sourcecode.c.h; path = NearMapViewController.h; sourceTree = "<group>"; };
		719567E01A22340C000500D6 /* NearMapViewController.m */ = {isa = PBXFileReference; fileEncoding = 4; lastKnownFileType = sourcecode.c.objc; path = NearMapViewController.m; sourceTree = "<group>"; };
		719567E21A2238CB000500D6 /* MapFilterViewController.h */ = {isa = PBXFileReference; fileEncoding = 4; lastKnownFileType = sourcecode.c.h; path = MapFilterViewController.h; sourceTree = "<group>"; };
		719567E31A2238CB000500D6 /* MapFilterViewController.m */ = {isa = PBXFileReference; fileEncoding = 4; lastKnownFileType = sourcecode.c.objc; path = MapFilterViewController.m; sourceTree = "<group>"; };
		719B06C11A176884001B402F /* DBWork.h */ = {isa = PBXFileReference; fileEncoding = 4; lastKnownFileType = sourcecode.c.h; path = DBWork.h; sourceTree = "<group>"; };
		719B06C21A176884001B402F /* DBWork.m */ = {isa = PBXFileReference; fileEncoding = 4; lastKnownFileType = sourcecode.c.objc; path = DBWork.m; sourceTree = "<group>"; };
		719B06C51A179A20001B402F /* AFDownloadRequestOperation.h */ = {isa = PBXFileReference; fileEncoding = 4; lastKnownFileType = sourcecode.c.h; path = AFDownloadRequestOperation.h; sourceTree = "<group>"; };
		719B06C61A179A20001B402F /* AFDownloadRequestOperation.m */ = {isa = PBXFileReference; fileEncoding = 4; lastKnownFileType = sourcecode.c.objc; path = AFDownloadRequestOperation.m; sourceTree = "<group>"; };
		719B06C71A179A20001B402F /* Reachability.h */ = {isa = PBXFileReference; fileEncoding = 4; lastKnownFileType = sourcecode.c.h; path = Reachability.h; sourceTree = "<group>"; };
		719B06C81A179A20001B402F /* Reachability.m */ = {isa = PBXFileReference; fileEncoding = 4; lastKnownFileType = sourcecode.c.objc; path = Reachability.m; sourceTree = "<group>"; };
		719B06C91A179A20001B402F /* SyncEngine.h */ = {isa = PBXFileReference; fileEncoding = 4; lastKnownFileType = sourcecode.c.h; path = SyncEngine.h; sourceTree = "<group>"; };
		719B06CA1A179A20001B402F /* SyncEngine.m */ = {isa = PBXFileReference; fileEncoding = 4; lastKnownFileType = sourcecode.c.objc; path = SyncEngine.m; sourceTree = "<group>"; };
		71A543681A17A8D7008E54A7 /* SSZipArchive.h */ = {isa = PBXFileReference; fileEncoding = 4; lastKnownFileType = sourcecode.c.h; path = SSZipArchive.h; sourceTree = "<group>"; };
		71A543691A17A8D7008E54A7 /* SSZipArchive.m */ = {isa = PBXFileReference; fileEncoding = 4; lastKnownFileType = sourcecode.c.objc; path = SSZipArchive.m; sourceTree = "<group>"; };
		71A5436B1A17A8E7008E54A7 /* crypt.h */ = {isa = PBXFileReference; fileEncoding = 4; lastKnownFileType = sourcecode.c.h; path = crypt.h; sourceTree = "<group>"; };
		71A5436C1A17A8E7008E54A7 /* ioapi.c */ = {isa = PBXFileReference; fileEncoding = 4; lastKnownFileType = sourcecode.c.c; path = ioapi.c; sourceTree = "<group>"; };
		71A5436D1A17A8E7008E54A7 /* ioapi.h */ = {isa = PBXFileReference; fileEncoding = 4; lastKnownFileType = sourcecode.c.h; path = ioapi.h; sourceTree = "<group>"; };
		71A5436E1A17A8E7008E54A7 /* mztools.c */ = {isa = PBXFileReference; fileEncoding = 4; lastKnownFileType = sourcecode.c.c; path = mztools.c; sourceTree = "<group>"; };
		71A5436F1A17A8E7008E54A7 /* mztools.h */ = {isa = PBXFileReference; fileEncoding = 4; lastKnownFileType = sourcecode.c.h; path = mztools.h; sourceTree = "<group>"; };
		71A543701A17A8E7008E54A7 /* unzip.c */ = {isa = PBXFileReference; fileEncoding = 4; lastKnownFileType = sourcecode.c.c; path = unzip.c; sourceTree = "<group>"; };
		71A543711A17A8E7008E54A7 /* unzip.h */ = {isa = PBXFileReference; fileEncoding = 4; lastKnownFileType = sourcecode.c.h; path = unzip.h; sourceTree = "<group>"; };
		71A543721A17A8E7008E54A7 /* zip.c */ = {isa = PBXFileReference; fileEncoding = 4; lastKnownFileType = sourcecode.c.c; path = zip.c; sourceTree = "<group>"; };
		71A543731A17A8E7008E54A7 /* zip.h */ = {isa = PBXFileReference; fileEncoding = 4; lastKnownFileType = sourcecode.c.h; path = zip.h; sourceTree = "<group>"; };
		71A543781A17A911008E54A7 /* libz.dylib */ = {isa = PBXFileReference; lastKnownFileType = "compiled.mach-o.dylib"; name = libz.dylib; path = usr/lib/libz.dylib; sourceTree = SDKROOT; };
		71B2666C1A2302B5005DEAD0 /* BannerHeaderCollectionView.h */ = {isa = PBXFileReference; fileEncoding = 4; lastKnownFileType = sourcecode.c.h; path = BannerHeaderCollectionView.h; sourceTree = "<group>"; };
		71B2666D1A2302B5005DEAD0 /* BannerHeaderCollectionView.m */ = {isa = PBXFileReference; fileEncoding = 4; lastKnownFileType = sourcecode.c.objc; path = BannerHeaderCollectionView.m; sourceTree = "<group>"; };
		71B266701A2359F3005DEAD0 /* SubCategoryListFlowLayout.h */ = {isa = PBXFileReference; fileEncoding = 4; lastKnownFileType = sourcecode.c.h; path = SubCategoryListFlowLayout.h; sourceTree = "<group>"; };
		71B266711A2359F3005DEAD0 /* SubCategoryListFlowLayout.m */ = {isa = PBXFileReference; fileEncoding = 4; lastKnownFileType = sourcecode.c.objc; path = SubCategoryListFlowLayout.m; sourceTree = "<group>"; };
		71B266721A2359F3005DEAD0 /* SubCategoryTileFlowLayout.h */ = {isa = PBXFileReference; fileEncoding = 4; lastKnownFileType = sourcecode.c.h; path = SubCategoryTileFlowLayout.h; sourceTree = "<group>"; };
		71B266731A2359F3005DEAD0 /* SubCategoryTileFlowLayout.m */ = {isa = PBXFileReference; fileEncoding = 4; lastKnownFileType = sourcecode.c.objc; path = SubCategoryTileFlowLayout.m; sourceTree = "<group>"; };
		71BA0F0F1A133B6500C3B6A0 /* PlaceDetailViewController.h */ = {isa = PBXFileReference; fileEncoding = 4; lastKnownFileType = sourcecode.c.h; path = PlaceDetailViewController.h; sourceTree = "<group>"; };
		71BA0F101A133B6500C3B6A0 /* PlaceDetailViewController.m */ = {isa = PBXFileReference; fileEncoding = 4; lastKnownFileType = sourcecode.c.objc; path = PlaceDetailViewController.m; sourceTree = "<group>"; };
		71BA0F121A138A6E00C3B6A0 /* PhotoBrowserContentViewController.h */ = {isa = PBXFileReference; fileEncoding = 4; lastKnownFileType = sourcecode.c.h; path = PhotoBrowserContentViewController.h; sourceTree = "<group>"; };
		71BA0F131A138A6E00C3B6A0 /* PhotoBrowserContentViewController.m */ = {isa = PBXFileReference; fileEncoding = 4; lastKnownFileType = sourcecode.c.objc; path = PhotoBrowserContentViewController.m; sourceTree = "<group>"; };
		71BA0F151A138A6E00C3B6A0 /* PhotoBrowserViewController.m */ = {isa = PBXFileReference; fileEncoding = 4; lastKnownFileType = sourcecode.c.objc; path = PhotoBrowserViewController.m; sourceTree = "<group>"; };
		71BA0F181A138AB900C3B6A0 /* PhotoBrowserViewController.h */ = {isa = PBXFileReference; fileEncoding = 4; lastKnownFileType = sourcecode.c.h; path = PhotoBrowserViewController.h; sourceTree = "<group>"; };
		71BA0F191A1392C700C3B6A0 /* PlaceMapViewController.h */ = {isa = PBXFileReference; fileEncoding = 4; lastKnownFileType = sourcecode.c.h; path = PlaceMapViewController.h; sourceTree = "<group>"; };
		71BA0F1A1A1392C700C3B6A0 /* PlaceMapViewController.m */ = {isa = PBXFileReference; fileEncoding = 4; lastKnownFileType = sourcecode.c.objc; path = PlaceMapViewController.m; sourceTree = "<group>"; };
		71BA0F1C1A143E7F00C3B6A0 /* MenuTableViewController.h */ = {isa = PBXFileReference; fileEncoding = 4; lastKnownFileType = sourcecode.c.h; path = MenuTableViewController.h; sourceTree = "<group>"; };
		71BA0F1D1A143E7F00C3B6A0 /* MenuTableViewController.m */ = {isa = PBXFileReference; fileEncoding = 4; lastKnownFileType = sourcecode.c.objc; path = MenuTableViewController.m; sourceTree = "<group>"; };
		71E155201A1AD52900CD7A26 /* Phones.h */ = {isa = PBXFileReference; fileEncoding = 4; lastKnownFileType = sourcecode.c.h; path = Phones.h; sourceTree = "<group>"; };
		71E155211A1AD52900CD7A26 /* Phones.m */ = {isa = PBXFileReference; fileEncoding = 4; lastKnownFileType = sourcecode.c.objc; path = Phones.m; sourceTree = "<group>"; };
		71E155231A1AD52900CD7A26 /* Attributes.h */ = {isa = PBXFileReference; fileEncoding = 4; lastKnownFileType = sourcecode.c.h; path = Attributes.h; sourceTree = "<group>"; };
		71E155241A1AD52900CD7A26 /* Attributes.m */ = {isa = PBXFileReference; fileEncoding = 4; lastKnownFileType = sourcecode.c.objc; path = Attributes.m; sourceTree = "<group>"; };
		71E155261A1AD52900CD7A26 /* Places.h */ = {isa = PBXFileReference; fileEncoding = 4; lastKnownFileType = sourcecode.c.h; path = Places.h; sourceTree = "<group>"; };
		71E155271A1AD52900CD7A26 /* Places.m */ = {isa = PBXFileReference; fileEncoding = 4; lastKnownFileType = sourcecode.c.objc; path = Places.m; sourceTree = "<group>"; };
		71E155291A1AD52A00CD7A26 /* Gallery.h */ = {isa = PBXFileReference; fileEncoding = 4; lastKnownFileType = sourcecode.c.h; path = Gallery.h; sourceTree = "<group>"; };
		71E1552A1A1AD52A00CD7A26 /* Gallery.m */ = {isa = PBXFileReference; fileEncoding = 4; lastKnownFileType = sourcecode.c.objc; path = Gallery.m; sourceTree = "<group>"; };
		71E1552C1A1AD52A00CD7A26 /* Keys.h */ = {isa = PBXFileReference; fileEncoding = 4; lastKnownFileType = sourcecode.c.h; path = Keys.h; sourceTree = "<group>"; };
		71E1552D1A1AD52A00CD7A26 /* Keys.m */ = {isa = PBXFileReference; fileEncoding = 4; lastKnownFileType = sourcecode.c.objc; path = Keys.m; sourceTree = "<group>"; };
		71E1552F1A1AD52A00CD7A26 /* Banners.h */ = {isa = PBXFileReference; fileEncoding = 4; lastKnownFileType = sourcecode.c.h; path = Banners.h; sourceTree = "<group>"; };
		71E155301A1AD52A00CD7A26 /* Banners.m */ = {isa = PBXFileReference; fileEncoding = 4; lastKnownFileType = sourcecode.c.objc; path = Banners.m; sourceTree = "<group>"; };
		71E155321A1AD52A00CD7A26 /* Categories.h */ = {isa = PBXFileReference; fileEncoding = 4; lastKnownFileType = sourcecode.c.h; path = Categories.h; sourceTree = "<group>"; };
		71E155331A1AD52A00CD7A26 /* Categories.m */ = {isa = PBXFileReference; fileEncoding = 4; lastKnownFileType = sourcecode.c.objc; path = Categories.m; sourceTree = "<group>"; };
		71E155351A1AD52A00CD7A26 /* Comments.h */ = {isa = PBXFileReference; fileEncoding = 4; lastKnownFileType = sourcecode.c.h; path = Comments.h; sourceTree = "<group>"; };
		71E155361A1AD52A00CD7A26 /* Comments.m */ = {isa = PBXFileReference; fileEncoding = 4; lastKnownFileType = sourcecode.c.objc; path = Comments.m; sourceTree = "<group>"; };
		852D0FFD12D5CC13B5191CFB /* libPods.a */ = {isa = PBXFileReference; explicitFileType = archive.ar; includeInIndex = 0; path = libPods.a; sourceTree = BUILT_PRODUCTS_DIR; };
		935FDB891A1B845D0079EDC3 /* Crashlytics.framework */ = {isa = PBXFileReference; lastKnownFileType = wrapper.framework; path = Crashlytics.framework; sourceTree = "<group>"; };
		935FDB8A1A1B845D0079EDC3 /* Fabric.framework */ = {isa = PBXFileReference; lastKnownFileType = wrapper.framework; path = Fabric.framework; sourceTree = "<group>"; };
		93809D191A2DC0A300820E24 /* mapbox.json */ = {isa = PBXFileReference; fileEncoding = 4; lastKnownFileType = text.json; path = mapbox.json; sourceTree = "<group>"; };
		93E2B78D1A1B15F200AAB446 /* libMapbox.a */ = {isa = PBXFileReference; lastKnownFileType = archive.ar; name = libMapbox.a; path = Mapbox/libMapbox.a; sourceTree = "<group>"; };
		93E2B7921A1B160700AAB446 /* libsqlite3.dylib */ = {isa = PBXFileReference; lastKnownFileType = "compiled.mach-o.dylib"; name = libsqlite3.dylib; path = usr/lib/libsqlite3.dylib; sourceTree = SDKROOT; };
		93E2B7941A1B160D00AAB446 /* QuartzCore.framework */ = {isa = PBXFileReference; lastKnownFileType = wrapper.framework; name = QuartzCore.framework; path = System/Library/Frameworks/QuartzCore.framework; sourceTree = SDKROOT; };
		93E2B7961A1B161100AAB446 /* CoreLocation.framework */ = {isa = PBXFileReference; lastKnownFileType = wrapper.framework; name = CoreLocation.framework; path = System/Library/Frameworks/CoreLocation.framework; sourceTree = SDKROOT; };
		93F954271A1DF8D90080B7E1 /* calloutViewController.h */ = {isa = PBXFileReference; fileEncoding = 4; lastKnownFileType = sourcecode.c.h; name = calloutViewController.h; path = Layouts/calloutViewController.h; sourceTree = "<group>"; };
		93F954281A1DF8D90080B7E1 /* calloutViewController.m */ = {isa = PBXFileReference; fileEncoding = 4; lastKnownFileType = sourcecode.c.objc; name = calloutViewController.m; path = Layouts/calloutViewController.m; sourceTree = "<group>"; };
		BF760DA4D2033FEFDD9727CB /* Pods.release.xcconfig */ = {isa = PBXFileReference; includeInIndex = 1; lastKnownFileType = text.xcconfig; name = Pods.release.xcconfig; path = "Pods/Target Support Files/Pods/Pods.release.xcconfig"; sourceTree = "<group>"; };
/* End PBXFileReference section */

/* Begin PBXFrameworksBuildPhase section */
		714DE9C21A0FB28E00E4FB3D /* Frameworks */ = {
			isa = PBXFrameworksBuildPhase;
			buildActionMask = 2147483647;
			files = (
				7177769A1A2B22D600259A0A /* MessageUI.framework in Frameworks */,
				717776981A2B22CC00259A0A /* Security.framework in Frameworks */,
				717776961A2B189400259A0A /* Social.framework in Frameworks */,
				935FDB8C1A1B845D0079EDC3 /* Fabric.framework in Frameworks */,
				93E2B7971A1B161100AAB446 /* CoreLocation.framework in Frameworks */,
				93E2B7951A1B160D00AAB446 /* QuartzCore.framework in Frameworks */,
				93E2B7931A1B160700AAB446 /* libsqlite3.dylib in Frameworks */,
				935FDB8B1A1B845D0079EDC3 /* Crashlytics.framework in Frameworks */,
				71A543791A17A911008E54A7 /* libz.dylib in Frameworks */,
				B54952004935E31484239643 /* libPods.a in Frameworks */,
			);
			runOnlyForDeploymentPostprocessing = 0;
		};
		714DE9DE1A0FB28F00E4FB3D /* Frameworks */ = {
			isa = PBXFrameworksBuildPhase;
			buildActionMask = 2147483647;
			files = (
			);
			runOnlyForDeploymentPostprocessing = 0;
		};
/* End PBXFrameworksBuildPhase section */

/* Begin PBXGroup section */
		50E2B142B33069F1E2DBECE8 /* Pods */ = {
			isa = PBXGroup;
			children = (
				6350ACA089CEAC2F22EE99E9 /* Pods.debug.xcconfig */,
				BF760DA4D2033FEFDD9727CB /* Pods.release.xcconfig */,
			);
			name = Pods;
			sourceTree = "<group>";
		};
		711358B41A122C9600200D15 /* Category */ = {
			isa = PBXGroup;
			children = (
				718E029A1A10FB6800983653 /* List */,
				718E02961A10FABB00983653 /* Tiles */,
			);
			name = Category;
			sourceTree = "<group>";
		};
		711358B51A122CA700200D15 /* Subcategory */ = {
			isa = PBXGroup;
			children = (
				71B266701A2359F3005DEAD0 /* SubCategoryListFlowLayout.h */,
				71B266711A2359F3005DEAD0 /* SubCategoryListFlowLayout.m */,
				71B266721A2359F3005DEAD0 /* SubCategoryTileFlowLayout.h */,
				71B266731A2359F3005DEAD0 /* SubCategoryTileFlowLayout.m */,
			);
			name = Subcategory;
			sourceTree = "<group>";
		};
		7125BD271A28155700704B21 /* DetailedPlace */ = {
			isa = PBXGroup;
			children = (
				71776A881A2AE6D000DCCFBB /* CommonCell.h */,
				71776A891A2AE6D000DCCFBB /* CommonCell.m */,
				71776A851A2ACF5700DCCFBB /* InfoCell.h */,
				71776A861A2ACF5700DCCFBB /* InfoCell.m */,
				71776A821A2A19DD00DCCFBB /* ShareCell.h */,
				71776A831A2A19DD00DCCFBB /* ShareCell.m */,
				7125BD3B1A29D8F000704B21 /* AboutCell.h */,
				7125BD3C1A29D8F000704B21 /* AboutCell.m */,
				7125BD311A28F10A00704B21 /* PPImageScrollingTableViewCell */,
				7125BD2E1A28E6C100704B21 /* RatingCell.h */,
				7125BD2F1A28E6C100704B21 /* RatingCell.m */,
				7125BD2B1A28D99000704B21 /* PlaceDetailedMainCellNoImage.h */,
				7125BD2C1A28D99000704B21 /* PlaceDetailedMainCellNoImage.m */,
				7125BD281A28163B00704B21 /* PlaceDetailedMainCell.h */,
				7125BD291A28163B00704B21 /* PlaceDetailedMainCell.m */,
			);
			path = DetailedPlace;
			sourceTree = "<group>";
		};
		7125BD311A28F10A00704B21 /* PPImageScrollingTableViewCell */ = {
			isa = PBXGroup;
			children = (
				7125BD321A28F12600704B21 /* PPCollectionViewCell.h */,
				7125BD331A28F12600704B21 /* PPCollectionViewCell.m */,
				7125BD341A28F12600704B21 /* PPImageScrollingCellView.h */,
				7125BD351A28F12600704B21 /* PPImageScrollingCellView.m */,
				7125BD361A28F12600704B21 /* PPImageScrollingTableViewCell.h */,
				7125BD371A28F12600704B21 /* PPImageScrollingTableViewCell.m */,
			);
			path = PPImageScrollingTableViewCell;
			sourceTree = "<group>";
		};
		714DE9BC1A0FB28E00E4FB3D = {
			isa = PBXGroup;
			children = (
				93E2B7911A1B15F500AAB446 /* Frameworks */,
				714DE9C71A0FB28F00E4FB3D /* CityGiude */,
				714DE9E41A0FB28F00E4FB3D /* CityGiudeTests */,
				714DE9C61A0FB28F00E4FB3D /* Products */,
				50E2B142B33069F1E2DBECE8 /* Pods */,
			);
			sourceTree = "<group>";
		};
		714DE9C61A0FB28F00E4FB3D /* Products */ = {
			isa = PBXGroup;
			children = (
				714DE9C51A0FB28F00E4FB3D /* CityGuide.app */,
				714DE9E11A0FB28F00E4FB3D /* CityGuideTests.xctest */,
			);
			name = Products;
			sourceTree = "<group>";
		};
		714DE9C71A0FB28F00E4FB3D /* CityGiude */ = {
			isa = PBXGroup;
			children = (
				93809D191A2DC0A300820E24 /* mapbox.json */,
				719B06C41A179A0C001B402F /* ClientServer */,
				719B06C01A175A40001B402F /* CoreData */,
				714DEA081A1057C700E4FB3D /* Generated */,
				714DE9F11A0FB29D00E4FB3D /* GUI */,
				714DE9CC1A0FB28F00E4FB3D /* AppDelegate.h */,
				714DE9CD1A0FB28F00E4FB3D /* AppDelegate.m */,
				714DE9D51A0FB28F00E4FB3D /* Main.storyboard */,
				714DE9D81A0FB28F00E4FB3D /* Images.xcassets */,
				714DE9DA1A0FB28F00E4FB3D /* LaunchScreen.xib */,
				714DE9C81A0FB28F00E4FB3D /* Supporting Files */,
			);
			path = CityGiude;
			sourceTree = "<group>";
		};
		714DE9C81A0FB28F00E4FB3D /* Supporting Files */ = {
			isa = PBXGroup;
			children = (
				714DE9C91A0FB28F00E4FB3D /* Info.plist */,
				714DE9CA1A0FB28F00E4FB3D /* main.m */,
			);
			name = "Supporting Files";
			sourceTree = "<group>";
		};
		714DE9E41A0FB28F00E4FB3D /* CityGiudeTests */ = {
			isa = PBXGroup;
			children = (
				714DE9E71A0FB28F00E4FB3D /* CityGiudeTests.m */,
				714DE9E51A0FB28F00E4FB3D /* Supporting Files */,
			);
			path = CityGiudeTests;
			sourceTree = "<group>";
		};
		714DE9E51A0FB28F00E4FB3D /* Supporting Files */ = {
			isa = PBXGroup;
			children = (
				714DE9E61A0FB28F00E4FB3D /* Info.plist */,
			);
			name = "Supporting Files";
			sourceTree = "<group>";
		};
		714DE9F11A0FB29D00E4FB3D /* GUI */ = {
			isa = PBXGroup;
			children = (
				717B6A891A24B9CB00BC4215 /* AuthUserViewController.h */,
				717B6A8A1A24B9CB00BC4215 /* AuthUserViewController.m */,
				719567E21A2238CB000500D6 /* MapFilterViewController.h */,
				719567E31A2238CB000500D6 /* MapFilterViewController.m */,
				71BA0F191A1392C700C3B6A0 /* PlaceMapViewController.h */,
				71BA0F1A1A1392C700C3B6A0 /* PlaceMapViewController.m */,
				71BA0F121A138A6E00C3B6A0 /* PhotoBrowserContentViewController.h */,
				71BA0F131A138A6E00C3B6A0 /* PhotoBrowserContentViewController.m */,
				71BA0F181A138AB900C3B6A0 /* PhotoBrowserViewController.h */,
				71BA0F151A138A6E00C3B6A0 /* PhotoBrowserViewController.m */,
				93F954271A1DF8D90080B7E1 /* calloutViewController.h */,
				93F954281A1DF8D90080B7E1 /* calloutViewController.m */,
				718E02821A10E87A00983653 /* MMDrawerController */,
				714DE9F81A10512500E4FB3D /* Layouts */,
				714DE9F21A0FB3A100E4FB3D /* BannerViewController.h */,
				714DE9F31A0FB3A100E4FB3D /* BannerViewController.m */,
				714DE9F51A0FB3B500E4FB3D /* BannerContentViewController.h */,
				714DE9F61A0FB3B500E4FB3D /* BannerContentViewController.m */,
				714DEA0A1A10D5B800E4FB3D /* MainViewController.h */,
				714DEA0B1A10D5B800E4FB3D /* MainViewController.m */,
				711358B61A122CDB00200D15 /* SubCategoryCollectionViewController.h */,
				711358B71A122CDB00200D15 /* SubCategoryCollectionViewController.m */,
				711358B91A12355500200D15 /* PlaceViewController.h */,
				711358BA1A12355500200D15 /* PlaceViewController.m */,
				71BA0F0F1A133B6500C3B6A0 /* PlaceDetailViewController.h */,
				71BA0F101A133B6500C3B6A0 /* PlaceDetailViewController.m */,
				71BA0F1C1A143E7F00C3B6A0 /* MenuTableViewController.h */,
				71BA0F1D1A143E7F00C3B6A0 /* MenuTableViewController.m */,
				7114D6C71A17A17C005C59C4 /* LaunchViewController.h */,
				7114D6C81A17A17C005C59C4 /* LaunchViewController.m */,
				719567B11A1F413E000500D6 /* FilterViewController.h */,
				719567B21A1F413E000500D6 /* FilterViewController.m */,
				719567BE1A20D3F3000500D6 /* DiscountListViewController.h */,
				719567BF1A20D3F3000500D6 /* DiscountListViewController.m */,
				719567C51A20E875000500D6 /* DiscountDetailViewController.h */,
				719567C61A20E875000500D6 /* DiscountDetailViewController.m */,
				719567C81A20EF83000500D6 /* AboutUserViewController.h */,
				719567C91A20EF83000500D6 /* AboutUserViewController.m */,
				719567CB1A20FAB3000500D6 /* AboutProgrammViewController.h */,
				719567CC1A20FAB3000500D6 /* AboutProgrammViewController.m */,
				719567CE1A21E51A000500D6 /* FavourViewController.h */,
				719567CF1A21E51A000500D6 /* FavourViewController.m */,
				719567D81A222D1F000500D6 /* SettingsTableViewController.h */,
				719567D91A222D1F000500D6 /* SettingsTableViewController.m */,
				719567DF1A22340C000500D6 /* NearMapViewController.h */,
				719567E01A22340C000500D6 /* NearMapViewController.m */,
				717B6A831A24A69300BC4215 /* ResponceCollectionViewController.h */,
				717B6A841A24A69300BC4215 /* ResponceCollectionViewController.m */,
				717B6A861A24B12000BC4215 /* ResponseViewController.h */,
				717B6A871A24B12000BC4215 /* ResponseViewController.m */,
			);
			path = GUI;
			sourceTree = "<group>";
		};
		714DE9F81A10512500E4FB3D /* Layouts */ = {
			isa = PBXGroup;
			children = (
				7125BD271A28155700704B21 /* DetailedPlace */,
				719567DB1A222D43000500D6 /* Settings */,
				719567D11A21F16C000500D6 /* Favour */,
				719567C11A20D3FE000500D6 /* Discount */,
				719567B41A1F5E98000500D6 /* Filter */,
				716D47501A12FA26006A7BDB /* Place */,
				711358B51A122CA700200D15 /* Subcategory */,
				711358B41A122C9600200D15 /* Category */,
				71B2666C1A2302B5005DEAD0 /* BannerHeaderCollectionView.h */,
				71B2666D1A2302B5005DEAD0 /* BannerHeaderCollectionView.m */,
			);
			path = Layouts;
			sourceTree = "<group>";
		};
		714DEA081A1057C700E4FB3D /* Generated */ = {
			isa = PBXGroup;
			children = (
				7125BD241A280D4300704B21 /* VALabel.h */,
				7125BD251A280D4400704B21 /* VALabel.m */,
				71A543661A17A892008E54A7 /* SSZipArchive */,
				714DEA091A1057E800E4FB3D /* Constants.h */,
				718E02931A10F18700983653 /* UIUserSettings.h */,
				718E02941A10F18700983653 /* UIUserSettings.m */,
				713B0D991A26B91F0047934D /* RateView.h */,
				713B0D9A1A26B91F0047934D /* RateView.m */,
			);
			path = Generated;
			sourceTree = "<group>";
		};
		716D47501A12FA26006A7BDB /* Place */ = {
			isa = PBXGroup;
			children = (
				716D47511A12FA53006A7BDB /* PlaceListCell.h */,
				716D47521A12FA53006A7BDB /* PlaceListCell.m */,
			);
			name = Place;
			sourceTree = "<group>";
		};
		718E02821A10E87A00983653 /* MMDrawerController */ = {
			isa = PBXGroup;
			children = (
				718E02831A10E89B00983653 /* MMDrawerBarButtonItem.h */,
				718E02841A10E89B00983653 /* MMDrawerBarButtonItem.m */,
				718E02851A10E89B00983653 /* MMDrawerController.h */,
				718E02861A10E89B00983653 /* MMDrawerController.m */,
				718E02871A10E89B00983653 /* MMDrawerController+Storyboard.h */,
				718E02881A10E89B00983653 /* MMDrawerController+Storyboard.m */,
				718E02891A10E89B00983653 /* MMDrawerController+Subclass.h */,
				718E028A1A10E89B00983653 /* MMDrawerVisualState.h */,
				718E028B1A10E89B00983653 /* MMDrawerVisualState.m */,
				718E028C1A10E89B00983653 /* UIViewController+MMDrawerController.h */,
				718E028D1A10E89B00983653 /* UIViewController+MMDrawerController.m */,
			);
			path = MMDrawerController;
			sourceTree = "<group>";
		};
		718E02961A10FABB00983653 /* Tiles */ = {
			isa = PBXGroup;
			children = (
				714DE9FB1A1051FF00E4FB3D /* CategoryTileFlowLayout.h */,
				714DE9FC1A1051FF00E4FB3D /* CategoryTileFlowLayout.m */,
				714DE9FF1A1052B000E4FB3D /* CategoryCell.h */,
				714DEA001A1052B000E4FB3D /* CategoryCell.m */,
			);
			name = Tiles;
			sourceTree = "<group>";
		};
		718E029A1A10FB6800983653 /* List */ = {
			isa = PBXGroup;
			children = (
				718E027F1A10E3C800983653 /* CategoryListCell.h */,
				718E02801A10E3C900983653 /* CategoryListCell.m */,
				714DE9F91A1051FF00E4FB3D /* CategoryListFlowLayout.h */,
				714DE9FA1A1051FF00E4FB3D /* CategoryListFlowLayout.m */,
			);
			name = List;
			sourceTree = "<group>";
		};
		719567B41A1F5E98000500D6 /* Filter */ = {
			isa = PBXGroup;
			children = (
				719567B81A1F5EF1000500D6 /* FilterCommonCell.h */,
				719567B91A1F5EF1000500D6 /* FilterCommonCell.m */,
				719567BB1A1F6817000500D6 /* FilterListCell.h */,
				719567BC1A1F6817000500D6 /* FilterListCell.m */,
			);
			path = Filter;
			sourceTree = "<group>";
		};
		719567C11A20D3FE000500D6 /* Discount */ = {
			isa = PBXGroup;
			children = (
				719567C21A20D42E000500D6 /* DiscountListCell.h */,
				719567C31A20D42E000500D6 /* DiscountListCell.m */,
			);
			path = Discount;
			sourceTree = "<group>";
		};
		719567D11A21F16C000500D6 /* Favour */ = {
			isa = PBXGroup;
			children = (
				7152DE1F1A2CCDEC00E29E1B /* FavourPlaceListCell.h */,
				7152DE201A2CCDEC00E29E1B /* FavourPlaceListCell.m */,
				719567D51A21FD47000500D6 /* FavourCategoryCell.h */,
				719567D61A21FD47000500D6 /* FavourCategoryCell.m */,
			);
			path = Favour;
			sourceTree = "<group>";
		};
		719567DB1A222D43000500D6 /* Settings */ = {
			isa = PBXGroup;
			children = (
				719567DC1A222D64000500D6 /* SettingsCell.h */,
				719567DD1A222D64000500D6 /* SettingsCell.m */,
			);
			path = Settings;
			sourceTree = "<group>";
		};
		719B06C01A175A40001B402F /* CoreData */ = {
			isa = PBXGroup;
			children = (
				719B06C11A176884001B402F /* DBWork.h */,
				719B06C21A176884001B402F /* DBWork.m */,
				714DE9CF1A0FB28F00E4FB3D /* CityGiude.xcdatamodeld */,
				71E155351A1AD52A00CD7A26 /* Comments.h */,
				71E155361A1AD52A00CD7A26 /* Comments.m */,
				71E155321A1AD52A00CD7A26 /* Categories.h */,
				71E155331A1AD52A00CD7A26 /* Categories.m */,
				71E1552F1A1AD52A00CD7A26 /* Banners.h */,
				71E155301A1AD52A00CD7A26 /* Banners.m */,
				71E1552C1A1AD52A00CD7A26 /* Keys.h */,
				71E1552D1A1AD52A00CD7A26 /* Keys.m */,
				71E155291A1AD52A00CD7A26 /* Gallery.h */,
				71E1552A1A1AD52A00CD7A26 /* Gallery.m */,
				71E155261A1AD52900CD7A26 /* Places.h */,
				71E155271A1AD52900CD7A26 /* Places.m */,
				71E155231A1AD52900CD7A26 /* Attributes.h */,
				71E155241A1AD52900CD7A26 /* Attributes.m */,
				71E155201A1AD52900CD7A26 /* Phones.h */,
				71E155211A1AD52900CD7A26 /* Phones.m */,
			);
			path = CoreData;
			sourceTree = "<group>";
		};
		719B06C41A179A0C001B402F /* ClientServer */ = {
			isa = PBXGroup;
			children = (
				719B06C51A179A20001B402F /* AFDownloadRequestOperation.h */,
				719B06C61A179A20001B402F /* AFDownloadRequestOperation.m */,
				719B06C71A179A20001B402F /* Reachability.h */,
				719B06C81A179A20001B402F /* Reachability.m */,
				719B06C91A179A20001B402F /* SyncEngine.h */,
				719B06CA1A179A20001B402F /* SyncEngine.m */,
			);
			path = ClientServer;
			sourceTree = "<group>";
		};
		71A543661A17A892008E54A7 /* SSZipArchive */ = {
			isa = PBXGroup;
			children = (
				71A543681A17A8D7008E54A7 /* SSZipArchive.h */,
				71A543691A17A8D7008E54A7 /* SSZipArchive.m */,
				71A543671A17A8A6008E54A7 /* minizip */,
			);
			path = SSZipArchive;
			sourceTree = "<group>";
		};
		71A543671A17A8A6008E54A7 /* minizip */ = {
			isa = PBXGroup;
			children = (
				71A5436B1A17A8E7008E54A7 /* crypt.h */,
				71A5436C1A17A8E7008E54A7 /* ioapi.c */,
				71A5436D1A17A8E7008E54A7 /* ioapi.h */,
				71A5436E1A17A8E7008E54A7 /* mztools.c */,
				71A5436F1A17A8E7008E54A7 /* mztools.h */,
				71A543701A17A8E7008E54A7 /* unzip.c */,
				71A543711A17A8E7008E54A7 /* unzip.h */,
				71A543721A17A8E7008E54A7 /* zip.c */,
				71A543731A17A8E7008E54A7 /* zip.h */,
			);
			path = minizip;
			sourceTree = "<group>";
		};
		93E2B7911A1B15F500AAB446 /* Frameworks */ = {
			isa = PBXGroup;
			children = (
				717776991A2B22D600259A0A /* MessageUI.framework */,
				717776971A2B22CC00259A0A /* Security.framework */,
				717776951A2B189400259A0A /* Social.framework */,
				7125BD221A275A4E00704B21 /* libPods-AFNetworking.a */,
				935FDB891A1B845D0079EDC3 /* Crashlytics.framework */,
				935FDB8A1A1B845D0079EDC3 /* Fabric.framework */,
				93E2B7961A1B161100AAB446 /* CoreLocation.framework */,
				93E2B7941A1B160D00AAB446 /* QuartzCore.framework */,
				93E2B78D1A1B15F200AAB446 /* libMapbox.a */,
				93E2B7921A1B160700AAB446 /* libsqlite3.dylib */,
				71A543781A17A911008E54A7 /* libz.dylib */,
				852D0FFD12D5CC13B5191CFB /* libPods.a */,
			);
			name = Frameworks;
			sourceTree = "<group>";
		};
/* End PBXGroup section */

/* Begin PBXNativeTarget section */
		714DE9C41A0FB28E00E4FB3D /* CityGuide */ = {
			isa = PBXNativeTarget;
			buildConfigurationList = 714DE9EB1A0FB28F00E4FB3D /* Build configuration list for PBXNativeTarget "CityGuide" */;
			buildPhases = (
				2C854AD576A5D4FC3D95BB1F /* Check Pods Manifest.lock */,
				714DE9C11A0FB28E00E4FB3D /* Sources */,
				714DE9C21A0FB28E00E4FB3D /* Frameworks */,
				714DE9C31A0FB28E00E4FB3D /* Resources */,
				71E307681A1C785800BFC37F /* ShellScript */,
				EF78B67662D750ADFAB53C46 /* Copy Pods Resources */,
			);
			buildRules = (
			);
			dependencies = (
			);
			name = CityGuide;
			productName = CityGiude;
			productReference = 714DE9C51A0FB28F00E4FB3D /* CityGuide.app */;
			productType = "com.apple.product-type.application";
		};
		714DE9E01A0FB28F00E4FB3D /* CityGuideTests */ = {
			isa = PBXNativeTarget;
			buildConfigurationList = 714DE9EE1A0FB28F00E4FB3D /* Build configuration list for PBXNativeTarget "CityGuideTests" */;
			buildPhases = (
				714DE9DD1A0FB28F00E4FB3D /* Sources */,
				714DE9DE1A0FB28F00E4FB3D /* Frameworks */,
				714DE9DF1A0FB28F00E4FB3D /* Resources */,
			);
			buildRules = (
			);
			dependencies = (
				714DE9E31A0FB28F00E4FB3D /* PBXTargetDependency */,
			);
			name = CityGuideTests;
			productName = CityGiudeTests;
			productReference = 714DE9E11A0FB28F00E4FB3D /* CityGuideTests.xctest */;
			productType = "com.apple.product-type.bundle.unit-test";
		};
/* End PBXNativeTarget section */

/* Begin PBXProject section */
		714DE9BD1A0FB28E00E4FB3D /* Project object */ = {
			isa = PBXProject;
			attributes = {
				LastUpgradeCheck = 0610;
				ORGANIZATIONNAME = Appsgroup;
				TargetAttributes = {
					714DE9C41A0FB28E00E4FB3D = {
						CreatedOnToolsVersion = 6.1;
						DevelopmentTeam = UQUCFBUZM9;
					};
					714DE9E01A0FB28F00E4FB3D = {
						CreatedOnToolsVersion = 6.1;
						TestTargetID = 714DE9C41A0FB28E00E4FB3D;
					};
				};
			};
			buildConfigurationList = 714DE9C01A0FB28E00E4FB3D /* Build configuration list for PBXProject "CityGuide" */;
			compatibilityVersion = "Xcode 3.2";
			developmentRegion = English;
			hasScannedForEncodings = 0;
			knownRegions = (
				en,
				Base,
			);
			mainGroup = 714DE9BC1A0FB28E00E4FB3D;
			productRefGroup = 714DE9C61A0FB28F00E4FB3D /* Products */;
			projectDirPath = "";
			projectRoot = "";
			targets = (
				714DE9C41A0FB28E00E4FB3D /* CityGuide */,
				714DE9E01A0FB28F00E4FB3D /* CityGuideTests */,
			);
		};
/* End PBXProject section */

/* Begin PBXResourcesBuildPhase section */
		714DE9C31A0FB28E00E4FB3D /* Resources */ = {
			isa = PBXResourcesBuildPhase;
			buildActionMask = 2147483647;
			files = (
				714DE9D71A0FB28F00E4FB3D /* Main.storyboard in Resources */,
				714DE9DC1A0FB28F00E4FB3D /* LaunchScreen.xib in Resources */,
				93809D1A1A2DC0A300820E24 /* mapbox.json in Resources */,
				714DE9D91A0FB28F00E4FB3D /* Images.xcassets in Resources */,
			);
			runOnlyForDeploymentPostprocessing = 0;
		};
		714DE9DF1A0FB28F00E4FB3D /* Resources */ = {
			isa = PBXResourcesBuildPhase;
			buildActionMask = 2147483647;
			files = (
			);
			runOnlyForDeploymentPostprocessing = 0;
		};
/* End PBXResourcesBuildPhase section */

/* Begin PBXShellScriptBuildPhase section */
		2C854AD576A5D4FC3D95BB1F /* Check Pods Manifest.lock */ = {
			isa = PBXShellScriptBuildPhase;
			buildActionMask = 2147483647;
			files = (
			);
			inputPaths = (
			);
			name = "Check Pods Manifest.lock";
			outputPaths = (
			);
			runOnlyForDeploymentPostprocessing = 0;
			shellPath = /bin/sh;
			shellScript = "diff \"${PODS_ROOT}/../Podfile.lock\" \"${PODS_ROOT}/Manifest.lock\" > /dev/null\nif [[ $? != 0 ]] ; then\n    cat << EOM\nerror: The sandbox is not in sync with the Podfile.lock. Run 'pod install' or update your CocoaPods installation.\nEOM\n    exit 1\nfi\n";
			showEnvVarsInLog = 0;
		};
		71E307681A1C785800BFC37F /* ShellScript */ = {
			isa = PBXShellScriptBuildPhase;
			buildActionMask = 2147483647;
			files = (
			);
			inputPaths = (
			);
			outputPaths = (
			);
			runOnlyForDeploymentPostprocessing = 0;
			shellPath = /bin/sh;
			shellScript = "./Fabric.framework/run 9ba49a42e7e7f937372b21cb666f76d0c45d711a 28e2d811a50cf534770b00867cbe8c71898b302f1f296ad9a412729a71240ac5";
		};
		EF78B67662D750ADFAB53C46 /* Copy Pods Resources */ = {
			isa = PBXShellScriptBuildPhase;
			buildActionMask = 2147483647;
			files = (
			);
			inputPaths = (
			);
			name = "Copy Pods Resources";
			outputPaths = (
			);
			runOnlyForDeploymentPostprocessing = 0;
			shellPath = /bin/sh;
			shellScript = "\"${SRCROOT}/Pods/Target Support Files/Pods/Pods-resources.sh\"\n";
			showEnvVarsInLog = 0;
		};
/* End PBXShellScriptBuildPhase section */

/* Begin PBXSourcesBuildPhase section */
		714DE9C11A0FB28E00E4FB3D /* Sources */ = {
			isa = PBXSourcesBuildPhase;
			buildActionMask = 2147483647;
			files = (
				7125BD2A1A28163B00704B21 /* PlaceDetailedMainCell.m in Sources */,
				714DEA0C1A10D5B800E4FB3D /* MainViewController.m in Sources */,
				718E028F1A10E89B00983653 /* MMDrawerController.m in Sources */,
				714DE9D11A0FB28F00E4FB3D /* CityGiude.xcdatamodeld in Sources */,
				719567C01A20D3F3000500D6 /* DiscountListViewController.m in Sources */,
				71776A871A2ACF5700DCCFBB /* InfoCell.m in Sources */,
				71E155221A1AD52900CD7A26 /* Phones.m in Sources */,
				718E02911A10E89B00983653 /* MMDrawerVisualState.m in Sources */,
				716D47531A12FA53006A7BDB /* PlaceListCell.m in Sources */,
				7114D6C91A17A17C005C59C4 /* LaunchViewController.m in Sources */,
				71A5436A1A17A8D7008E54A7 /* SSZipArchive.m in Sources */,
				711358B81A122CDB00200D15 /* SubCategoryCollectionViewController.m in Sources */,
				7152DE211A2CCDEC00E29E1B /* FavourPlaceListCell.m in Sources */,
				7125BD2D1A28D99000704B21 /* PlaceDetailedMainCellNoImage.m in Sources */,
				7125BD391A28F12600704B21 /* PPImageScrollingCellView.m in Sources */,
				718E02811A10E3C900983653 /* CategoryListCell.m in Sources */,
				71B266751A2359F3005DEAD0 /* SubCategoryTileFlowLayout.m in Sources */,
				71A543771A17A8E7008E54A7 /* zip.c in Sources */,
				71BA0F1B1A1392C700C3B6A0 /* PlaceMapViewController.m in Sources */,
				713B0D9B1A26B91F0047934D /* RateView.m in Sources */,
				71B266741A2359F3005DEAD0 /* SubCategoryListFlowLayout.m in Sources */,
				71BA0F171A138A6F00C3B6A0 /* PhotoBrowserViewController.m in Sources */,
				719567E41A2238CB000500D6 /* MapFilterViewController.m in Sources */,
				7125BD261A280D4400704B21 /* VALabel.m in Sources */,
				714DEA011A1052B000E4FB3D /* CategoryCell.m in Sources */,
				714DE9FD1A1051FF00E4FB3D /* CategoryListFlowLayout.m in Sources */,
				71BA0F1E1A143E7F00C3B6A0 /* MenuTableViewController.m in Sources */,
				71E155371A1AD52A00CD7A26 /* Comments.m in Sources */,
				71E155341A1AD52A00CD7A26 /* Categories.m in Sources */,
				719567CA1A20EF83000500D6 /* AboutUserViewController.m in Sources */,
				71E1552E1A1AD52A00CD7A26 /* Keys.m in Sources */,
				71BA0F161A138A6F00C3B6A0 /* PhotoBrowserContentViewController.m in Sources */,
				717B6A881A24B12000BC4215 /* ResponseViewController.m in Sources */,
				719567D71A21FD47000500D6 /* FavourCategoryCell.m in Sources */,
				718E02921A10E89B00983653 /* UIViewController+MMDrawerController.m in Sources */,
				7125BD3A1A28F12600704B21 /* PPImageScrollingTableViewCell.m in Sources */,
				71A543741A17A8E7008E54A7 /* ioapi.c in Sources */,
				718E02901A10E89B00983653 /* MMDrawerController+Storyboard.m in Sources */,
				711358BB1A12355500200D15 /* PlaceViewController.m in Sources */,
				719567C71A20E875000500D6 /* DiscountDetailViewController.m in Sources */,
				7125BD301A28E6C100704B21 /* RatingCell.m in Sources */,
				714DE9CE1A0FB28F00E4FB3D /* AppDelegate.m in Sources */,
				718E02951A10F18700983653 /* UIUserSettings.m in Sources */,
				719567E11A22340C000500D6 /* NearMapViewController.m in Sources */,
				71776A8A1A2AE6D000DCCFBB /* CommonCell.m in Sources */,
				71E155311A1AD52A00CD7A26 /* Banners.m in Sources */,
				719567DA1A222D1F000500D6 /* SettingsTableViewController.m in Sources */,
				71B2666E1A2302B5005DEAD0 /* BannerHeaderCollectionView.m in Sources */,
				93F954291A1DF8D90080B7E1 /* calloutViewController.m in Sources */,
				7125BD381A28F12600704B21 /* PPCollectionViewCell.m in Sources */,
				719567C41A20D42E000500D6 /* DiscountListCell.m in Sources */,
				714DE9CB1A0FB28F00E4FB3D /* main.m in Sources */,
				7125BD3D1A29D8F000704B21 /* AboutCell.m in Sources */,
				71A543761A17A8E7008E54A7 /* unzip.c in Sources */,
				719567D01A21E51A000500D6 /* FavourViewController.m in Sources */,
				719567DE1A222D64000500D6 /* SettingsCell.m in Sources */,
				719B06C31A176884001B402F /* DBWork.m in Sources */,
				719B06CD1A179A20001B402F /* SyncEngine.m in Sources */,
				71E1552B1A1AD52A00CD7A26 /* Gallery.m in Sources */,
				714DE9FE1A1051FF00E4FB3D /* CategoryTileFlowLayout.m in Sources */,
				719567CD1A20FAB3000500D6 /* AboutProgrammViewController.m in Sources */,
				71E155281A1AD52900CD7A26 /* Places.m in Sources */,
				717B6A8B1A24B9CB00BC4215 /* AuthUserViewController.m in Sources */,
				719567BD1A1F6817000500D6 /* FilterListCell.m in Sources */,
				714DE9F71A0FB3B500E4FB3D /* BannerContentViewController.m in Sources */,
				71776A841A2A19DD00DCCFBB /* ShareCell.m in Sources */,
				71A543751A17A8E7008E54A7 /* mztools.c in Sources */,
				719B06CC1A179A20001B402F /* Reachability.m in Sources */,
				717B6A851A24A69300BC4215 /* ResponceCollectionViewController.m in Sources */,
				719567B31A1F413E000500D6 /* FilterViewController.m in Sources */,
				719B06CB1A179A20001B402F /* AFDownloadRequestOperation.m in Sources */,
				71BA0F111A133B6500C3B6A0 /* PlaceDetailViewController.m in Sources */,
				719567BA1A1F5EF1000500D6 /* FilterCommonCell.m in Sources */,
				71E155251A1AD52900CD7A26 /* Attributes.m in Sources */,
				718E028E1A10E89B00983653 /* MMDrawerBarButtonItem.m in Sources */,
				714DE9F41A0FB3A100E4FB3D /* BannerViewController.m in Sources */,
			);
			runOnlyForDeploymentPostprocessing = 0;
		};
		714DE9DD1A0FB28F00E4FB3D /* Sources */ = {
			isa = PBXSourcesBuildPhase;
			buildActionMask = 2147483647;
			files = (
				714DE9E81A0FB28F00E4FB3D /* CityGiudeTests.m in Sources */,
			);
			runOnlyForDeploymentPostprocessing = 0;
		};
/* End PBXSourcesBuildPhase section */

/* Begin PBXTargetDependency section */
		714DE9E31A0FB28F00E4FB3D /* PBXTargetDependency */ = {
			isa = PBXTargetDependency;
			target = 714DE9C41A0FB28E00E4FB3D /* CityGuide */;
			targetProxy = 714DE9E21A0FB28F00E4FB3D /* PBXContainerItemProxy */;
		};
/* End PBXTargetDependency section */

/* Begin PBXVariantGroup section */
		714DE9D51A0FB28F00E4FB3D /* Main.storyboard */ = {
			isa = PBXVariantGroup;
			children = (
				714DE9D61A0FB28F00E4FB3D /* Base */,
			);
			name = Main.storyboard;
			sourceTree = "<group>";
		};
		714DE9DA1A0FB28F00E4FB3D /* LaunchScreen.xib */ = {
			isa = PBXVariantGroup;
			children = (
				714DE9DB1A0FB28F00E4FB3D /* Base */,
			);
			name = LaunchScreen.xib;
			sourceTree = "<group>";
		};
/* End PBXVariantGroup section */

/* Begin XCBuildConfiguration section */
		714DE9E91A0FB28F00E4FB3D /* Debug */ = {
			isa = XCBuildConfiguration;
			buildSettings = {
				ALWAYS_SEARCH_USER_PATHS = NO;
				CLANG_CXX_LANGUAGE_STANDARD = "gnu++0x";
				CLANG_CXX_LIBRARY = "libc++";
				CLANG_ENABLE_MODULES = YES;
				CLANG_ENABLE_OBJC_ARC = YES;
				CLANG_WARN_BOOL_CONVERSION = YES;
				CLANG_WARN_CONSTANT_CONVERSION = YES;
				CLANG_WARN_DIRECT_OBJC_ISA_USAGE = YES_ERROR;
				CLANG_WARN_EMPTY_BODY = YES;
				CLANG_WARN_ENUM_CONVERSION = YES;
				CLANG_WARN_INT_CONVERSION = YES;
				CLANG_WARN_OBJC_ROOT_CLASS = YES_ERROR;
				CLANG_WARN_UNREACHABLE_CODE = YES;
				CLANG_WARN__DUPLICATE_METHOD_MATCH = YES;
				"CODE_SIGN_IDENTITY[sdk=iphoneos*]" = "iPhone Developer";
				COPY_PHASE_STRIP = NO;
				ENABLE_STRICT_OBJC_MSGSEND = YES;
				GCC_C_LANGUAGE_STANDARD = gnu99;
				GCC_DYNAMIC_NO_PIC = NO;
				GCC_OPTIMIZATION_LEVEL = 0;
				GCC_PREPROCESSOR_DEFINITIONS = (
					"DEBUG=1",
					"$(inherited)",
				);
				GCC_SYMBOLS_PRIVATE_EXTERN = NO;
				GCC_WARN_64_TO_32_BIT_CONVERSION = YES;
				GCC_WARN_ABOUT_RETURN_TYPE = YES_ERROR;
				GCC_WARN_UNDECLARED_SELECTOR = YES;
				GCC_WARN_UNINITIALIZED_AUTOS = YES_AGGRESSIVE;
				GCC_WARN_UNUSED_FUNCTION = YES;
				GCC_WARN_UNUSED_VARIABLE = YES;
				IPHONEOS_DEPLOYMENT_TARGET = 8.1;
				MTL_ENABLE_DEBUG_INFO = YES;
				ONLY_ACTIVE_ARCH = YES;
				OTHER_LDFLAGS = "$(inherited)";
				SDKROOT = iphoneos;
				TARGETED_DEVICE_FAMILY = "1,2";
			};
			name = Debug;
		};
		714DE9EA1A0FB28F00E4FB3D /* Release */ = {
			isa = XCBuildConfiguration;
			buildSettings = {
				ALWAYS_SEARCH_USER_PATHS = NO;
				CLANG_CXX_LANGUAGE_STANDARD = "gnu++0x";
				CLANG_CXX_LIBRARY = "libc++";
				CLANG_ENABLE_MODULES = YES;
				CLANG_ENABLE_OBJC_ARC = YES;
				CLANG_WARN_BOOL_CONVERSION = YES;
				CLANG_WARN_CONSTANT_CONVERSION = YES;
				CLANG_WARN_DIRECT_OBJC_ISA_USAGE = YES_ERROR;
				CLANG_WARN_EMPTY_BODY = YES;
				CLANG_WARN_ENUM_CONVERSION = YES;
				CLANG_WARN_INT_CONVERSION = YES;
				CLANG_WARN_OBJC_ROOT_CLASS = YES_ERROR;
				CLANG_WARN_UNREACHABLE_CODE = YES;
				CLANG_WARN__DUPLICATE_METHOD_MATCH = YES;
				"CODE_SIGN_IDENTITY[sdk=iphoneos*]" = "iPhone Developer";
				COPY_PHASE_STRIP = YES;
				ENABLE_NS_ASSERTIONS = NO;
				ENABLE_STRICT_OBJC_MSGSEND = YES;
				GCC_C_LANGUAGE_STANDARD = gnu99;
				GCC_WARN_64_TO_32_BIT_CONVERSION = YES;
				GCC_WARN_ABOUT_RETURN_TYPE = YES_ERROR;
				GCC_WARN_UNDECLARED_SELECTOR = YES;
				GCC_WARN_UNINITIALIZED_AUTOS = YES_AGGRESSIVE;
				GCC_WARN_UNUSED_FUNCTION = YES;
				GCC_WARN_UNUSED_VARIABLE = YES;
				IPHONEOS_DEPLOYMENT_TARGET = 8.1;
				MTL_ENABLE_DEBUG_INFO = NO;
				OTHER_LDFLAGS = "$(inherited)";
				SDKROOT = iphoneos;
				TARGETED_DEVICE_FAMILY = "1,2";
				VALIDATE_PRODUCT = YES;
			};
			name = Release;
		};
		714DE9EC1A0FB28F00E4FB3D /* Debug */ = {
			isa = XCBuildConfiguration;
			baseConfigurationReference = 6350ACA089CEAC2F22EE99E9 /* Pods.debug.xcconfig */;
			buildSettings = {
				ASSETCATALOG_COMPILER_APPICON_NAME = AppIcon;
				CODE_SIGN_IDENTITY = "iPhone Developer: Ruslan Batirshin (2Y423BVPX6)";
				"CODE_SIGN_IDENTITY[sdk=iphoneos*]" = "iPhone Developer: Ruslan Batirshin (2Y423BVPX6)";
				FRAMEWORK_SEARCH_PATHS = (
					"$(inherited)",
					"$(PROJECT_DIR)",
				);
				INFOPLIST_FILE = CityGiude/Info.plist;
				IPHONEOS_DEPLOYMENT_TARGET = 7.1;
				LD_RUNPATH_SEARCH_PATHS = "$(inherited) @executable_path/Frameworks";
				LIBRARY_SEARCH_PATHS = (
					"$(inherited)",
					"$(PROJECT_DIR)/Mapbox",
					"$(PROJECT_DIR)/Pods/build/Debug-iphoneos",
				);
				OTHER_LDFLAGS = "$(inherited)";
				OTHER_LIBTOOLFLAGS = "$(OTHER_LDFLAGS)";
				PRODUCT_NAME = CityGuide;
				PROVISIONING_PROFILE = "06096cf6-3955-4e0f-a482-b8dd24a9493b";
			};
			name = Debug;
		};
		714DE9ED1A0FB28F00E4FB3D /* Release */ = {
			isa = XCBuildConfiguration;
			baseConfigurationReference = BF760DA4D2033FEFDD9727CB /* Pods.release.xcconfig */;
			buildSettings = {
				ASSETCATALOG_COMPILER_APPICON_NAME = AppIcon;
				CODE_SIGN_IDENTITY = "iPhone Distribution: Ruslan Batirshin (UQUCFBUZM9)";
				"CODE_SIGN_IDENTITY[sdk=iphoneos*]" = "iPhone Distribution: Ruslan Batirshin (UQUCFBUZM9)";
				FRAMEWORK_SEARCH_PATHS = (
					"$(inherited)",
					"$(PROJECT_DIR)",
				);
				INFOPLIST_FILE = CityGiude/Info.plist;
				IPHONEOS_DEPLOYMENT_TARGET = 7.1;
				LD_RUNPATH_SEARCH_PATHS = "$(inherited) @executable_path/Frameworks";
				LIBRARY_SEARCH_PATHS = (
					"$(inherited)",
					"$(PROJECT_DIR)/Mapbox",
					"$(PROJECT_DIR)/Pods/build/Debug-iphoneos",
				);
				OTHER_LDFLAGS = "$(inherited)";
				OTHER_LIBTOOLFLAGS = "$(OTHER_LDFLAGS)";
				PRODUCT_NAME = CityGuide;
				PROVISIONING_PROFILE = "06096cf6-3955-4e0f-a482-b8dd24a9493b";
			};
			name = Release;
		};
		714DE9EF1A0FB28F00E4FB3D /* Debug */ = {
			isa = XCBuildConfiguration;
			buildSettings = {
				BUNDLE_LOADER = "$(TEST_HOST)";
				FRAMEWORK_SEARCH_PATHS = (
					"$(SDKROOT)/Developer/Library/Frameworks",
					"$(inherited)",
				);
				GCC_PREPROCESSOR_DEFINITIONS = (
					"DEBUG=1",
					"$(inherited)",
				);
				INFOPLIST_FILE = CityGiudeTests/Info.plist;
				LD_RUNPATH_SEARCH_PATHS = "$(inherited) @executable_path/Frameworks @loader_path/Frameworks";
				PRODUCT_NAME = CityGuideTests;
				TEST_HOST = "$(BUILT_PRODUCTS_DIR)/CityGiude.app/CityGiude";
			};
			name = Debug;
		};
		714DE9F01A0FB28F00E4FB3D /* Release */ = {
			isa = XCBuildConfiguration;
			buildSettings = {
				BUNDLE_LOADER = "$(TEST_HOST)";
				FRAMEWORK_SEARCH_PATHS = (
					"$(SDKROOT)/Developer/Library/Frameworks",
					"$(inherited)",
				);
				INFOPLIST_FILE = CityGiudeTests/Info.plist;
				LD_RUNPATH_SEARCH_PATHS = "$(inherited) @executable_path/Frameworks @loader_path/Frameworks";
				PRODUCT_NAME = CityGuideTests;
				TEST_HOST = "$(BUILT_PRODUCTS_DIR)/CityGiude.app/CityGiude";
			};
			name = Release;
		};
/* End XCBuildConfiguration section */

/* Begin XCConfigurationList section */
		714DE9C01A0FB28E00E4FB3D /* Build configuration list for PBXProject "CityGuide" */ = {
			isa = XCConfigurationList;
			buildConfigurations = (
				714DE9E91A0FB28F00E4FB3D /* Debug */,
				714DE9EA1A0FB28F00E4FB3D /* Release */,
			);
			defaultConfigurationIsVisible = 0;
			defaultConfigurationName = Release;
		};
		714DE9EB1A0FB28F00E4FB3D /* Build configuration list for PBXNativeTarget "CityGuide" */ = {
			isa = XCConfigurationList;
			buildConfigurations = (
				714DE9EC1A0FB28F00E4FB3D /* Debug */,
				714DE9ED1A0FB28F00E4FB3D /* Release */,
			);
			defaultConfigurationIsVisible = 0;
			defaultConfigurationName = Release;
		};
		714DE9EE1A0FB28F00E4FB3D /* Build configuration list for PBXNativeTarget "CityGuideTests" */ = {
			isa = XCConfigurationList;
			buildConfigurations = (
				714DE9EF1A0FB28F00E4FB3D /* Debug */,
				714DE9F01A0FB28F00E4FB3D /* Release */,
			);
			defaultConfigurationIsVisible = 0;
			defaultConfigurationName = Release;
		};
/* End XCConfigurationList section */

/* Begin XCVersionGroup section */
		714DE9CF1A0FB28F00E4FB3D /* CityGiude.xcdatamodeld */ = {
			isa = XCVersionGroup;
			children = (
				714DE9D01A0FB28F00E4FB3D /* CityGiude.xcdatamodel */,
			);
			currentVersion = 714DE9D01A0FB28F00E4FB3D /* CityGiude.xcdatamodel */;
			path = CityGiude.xcdatamodeld;
			sourceTree = "<group>";
			versionGroupType = wrapper.xcdatamodel;
		};
/* End XCVersionGroup section */
	};
	rootObject = 714DE9BD1A0FB28E00E4FB3D /* Project object */;
}
